<?xml version="1.0" encoding="utf-8"?>
<Project ToolsVersion="4.0" xmlns="http://schemas.microsoft.com/developer/msbuild/2003">
  <ItemGroup>
    <CustomBuild Include="$(ProjectDir)\..\compiler\CMakeLists.txt" />
  </ItemGroup>
  <ItemGroup>
    <None Include="$(ProjectDir)..\compiler\bond.cabal" />
    <None Include="$(ProjectDir)..\compiler\Options.hs" />
    <None Include="$(ProjectDir)..\compiler\Main.hs" />
    <None Include="$(ProjectDir)..\compiler\IO.hs" />
    <None Include="$(ProjectDir)..\compiler\src\Language\Bond\Lexer.hs">
      <Filter>Bond</Filter>
    </None>
    <None Include="$(ProjectDir)..\compiler\src\Language\Bond\Parser.hs">
      <Filter>Bond</Filter>
    </None>
    <None Include="$(ProjectDir)..\compiler\src\Language\Bond\Syntax\Internal.hs">
      <Filter>Bond\Syntax</Filter>
    </None>
    <None Include="$(ProjectDir)..\compiler\src\Language\Bond\Syntax\JSON.hs">
      <Filter>Bond\Syntax</Filter>
    </None>
    <None Include="$(ProjectDir)..\compiler\src\Language\Bond\Syntax\SchemaDef.hs">
      <Filter>Bond\Syntax</Filter>
    </None>
    <None Include="$(ProjectDir)..\compiler\src\Language\Bond\Syntax\Types.hs">
      <Filter>Bond\Syntax</Filter>
    </None>
    <None Include="$(ProjectDir)..\compiler\src\Language\Bond\Syntax\Util.hs">
      <Filter>Bond\Syntax</Filter>
    </None>
    <None Include="$(ProjectDir)..\compiler\src\Language\Bond\Util.hs">
      <Filter>Bond</Filter>
    </None>
    <None Include="$(ProjectDir)..\compiler\src\Language\Bond\Codegen\CustomMapping.hs">
      <Filter>Bond\Codegen</Filter>
    </None>
    <None Include="$(ProjectDir)..\compiler\src\Language\Bond\Codegen\Templates.hs">
      <Filter>Bond\Codegen</Filter>
    </None>
    <None Include="$(ProjectDir)..\compiler\src\Language\Bond\Codegen\TypeMapping.hs">
      <Filter>Bond\Codegen</Filter>
    </None>
    <None Include="$(ProjectDir)..\compiler\src\Language\Bond\Codegen\Util.hs">
      <Filter>Bond\Codegen</Filter>
    </None>
    <None Include="$(ProjectDir)..\compiler\src\Language\Bond\Codegen\Cpp\Apply_cpp.hs">
      <Filter>Bond\Codegen\Cpp</Filter>
    </None>
    <None Include="$(ProjectDir)..\compiler\src\Language\Bond\Codegen\Cpp\Apply_h.hs">
      <Filter>Bond\Codegen\Cpp</Filter>
    </None>
    <None Include="$(ProjectDir)..\compiler\src\Language\Bond\Codegen\Cpp\ApplyOverloads.hs">
      <Filter>Bond\Codegen\Cpp</Filter>
    </None>
    <None Include="$(ProjectDir)..\compiler\src\Language\Bond\Codegen\Cpp\Comm_cpp.hs">
      <Filter>Bond\Codegen\Cpp</Filter>
    </None>
    <None Include="$(ProjectDir)..\compiler\src\Language\Bond\Codegen\Cpp\Comm_h.hs">
      <Filter>Bond\Codegen\Cpp</Filter>
    </None>
    <None Include="$(ProjectDir)..\compiler\src\Language\Bond\Codegen\Cpp\Enum_h.hs">
      <Filter>Bond\Codegen\Cpp</Filter>
    </None>
    <None Include="$(ProjectDir)..\compiler\src\Language\Bond\Codegen\Cpp\Grpc_cpp.hs">
      <Filter>Bond\Codegen\Cpp</Filter>
    </None>
    <None Include="$(ProjectDir)..\compiler\src\Language\Bond\Codegen\Cpp\Grpc_h.hs">
      <Filter>Bond\Codegen\Cpp</Filter>
    </None>
    <None Include="$(ProjectDir)..\compiler\src\Language\Bond\Codegen\Cpp\Reflection_h.hs">
      <Filter>Bond\Codegen\Cpp</Filter>
    </None>
    <None Include="$(ProjectDir)..\compiler\src\Language\Bond\Codegen\Cpp\Types_cpp.hs">
      <Filter>Bond\Codegen\Cpp</Filter>
    </None>
    <None Include="$(ProjectDir)..\compiler\src\Language\Bond\Codegen\Cpp\Types_h.hs">
      <Filter>Bond\Codegen\Cpp</Filter>
    </None>
    <None Include="$(ProjectDir)..\compiler\src\Language\Bond\Codegen\Cpp\Util.hs">
      <Filter>Bond\Codegen\Cpp</Filter>
    </None>
    <None Include="$(ProjectDir)..\compiler\src\Language\Bond\Codegen\Cs\Comm_cs.hs">
      <Filter>Bond\Codegen\Cs</Filter>
    </None>
    <None Include="$(ProjectDir)..\compiler\src\Language\Bond\Codegen\Cs\Types_cs.hs">
      <Filter>Bond\Codegen\Cs</Filter>
    </None>
    <None Include="$(ProjectDir)..\compiler\src\Language\Bond\Codegen\Cs\Util.hs">
      <Filter>Bond\Codegen\Cs</Filter>
    </None>
    <None Include="$(ProjectDir)..\compiler\src\Language\Bond\Codegen\Cs\Grpc_cs.hs">
      <Filter>Bond\Codegen\Cs</Filter>
    </None>
  </ItemGroup>
  <ItemGroup>
    <Filter Include="Bond">
      <UniqueIdentifier>{585b26a1-2a98-4a75-80d5-b9218a71ba2d}</UniqueIdentifier>
      <Extensions>
      </Extensions>
    </Filter>
    <Filter Include="Bond\Codegen">
      <UniqueIdentifier>{6136aa59-3761-4878-85e7-efda39785ecb}</UniqueIdentifier>
    </Filter>
    <Filter Include="Bond\Codegen\Cpp">
      <UniqueIdentifier>{0e5652ef-f06f-42d0-a5ba-7ed015eb92f3}</UniqueIdentifier>
    </Filter>
    <Filter Include="Bond\Codegen\Cs">
      <UniqueIdentifier>{4fb77bee-4379-4717-8bc0-721644d44d5f}</UniqueIdentifier>
    </Filter>
    <Filter Include="Bond\Syntax">
      <UniqueIdentifier>{905ABB36-088E-4045-8EA5-7316C8675D60}</UniqueIdentifier>
    </Filter>
  </ItemGroup>
</Project>
