
Microsoft Visual Studio Solution File, Format Version 12.00
# Visual Studio Version 17
VisualStudioVersion = 17.0.32126.317
MinimumVisualStudioVersion = 10.0.40219.1
Project("{9A19103F-16F7-4668-BE54-9A1E7A4F7556}") = "Attributes", "src\attributes\Attributes.csproj", "{92915BD9-8AB1-4E4D-A2AC-95BBF4F82D89}"
EndProject
Project("{9A19103F-16F7-4668-BE54-9A1E7A4F7556}") = "Bond", "src\core\Bond.csproj", "{43CBBA9B-C4BC-4E64-8733-7B72562D2E91}"
	ProjectSection(ProjectDependencies) = postProject
		{40452223-3A34-4841-9A69-E0B6640B4108} = {40452223-3A34-4841-9A69-E0B6640B4108}
		{21E175D5-BBDD-4B63-8FB7-38899BF2F9D1} = {21E175D5-BBDD-4B63-8FB7-38899BF2F9D1}
		{92915BD9-8AB1-4E4D-A2AC-95BBF4F82D89} = {92915BD9-8AB1-4E4D-A2AC-95BBF4F82D89}
	EndProjectSection
EndProject
Project("{9A19103F-16F7-4668-BE54-9A1E7A4F7556}") = "IO", "src\io\IO.csproj", "{2E6E238C-9017-445C-9611-66DA780609BE}"
	ProjectSection(ProjectDependencies) = postProject
		{43CBBA9B-C4BC-4E64-8733-7B72562D2E91} = {43CBBA9B-C4BC-4E64-8733-7B72562D2E91}
	EndProjectSection
EndProject
Project("{9A19103F-16F7-4668-BE54-9A1E7A4F7556}") = "JSON", "src\json\JSON.csproj", "{C001C79F-D289-4CF3-BB59-5F5A72F70D0E}"
	ProjectSection(ProjectDependencies) = postProject
		{43CBBA9B-C4BC-4E64-8733-7B72562D2E91} = {43CBBA9B-C4BC-4E64-8733-7B72562D2E91}
	EndProjectSection
EndProject
Project("{2150E333-8FDC-42A3-9474-1A3956D46DE8}") = "Examples", "Examples", "{621A2166-EEE0-4A27-88AA-5BE5AC996452}"
EndProject
Project("{2150E333-8FDC-42A3-9474-1A3956D46DE8}") = "Tests", "Tests", "{4268A1D3-AF40-4120-B021-D95A0F754221}"
EndProject
Project("{FAE04EC0-301F-11D3-BF4B-00C04F79EFBC}") = "Compiler", "Compiler.csproj", "{21E175D5-BBDD-4B63-8FB7-38899BF2F9D1}"
EndProject
Project("{FAE04EC0-301F-11D3-BF4B-00C04F79EFBC}") = "Compat", "test\compat\core\Compat.csproj", "{01302DFD-8DB9-4204-AAA5-1AA0EBC52749}"
	ProjectSection(ProjectDependencies) = postProject
		{2E6E238C-9017-445C-9611-66DA780609BE} = {2E6E238C-9017-445C-9611-66DA780609BE}
		{43CBBA9B-C4BC-4E64-8733-7B72562D2E91} = {43CBBA9B-C4BC-4E64-8733-7B72562D2E91}
		{C001C79F-D289-4CF3-BB59-5F5A72F70D0E} = {C001C79F-D289-4CF3-BB59-5F5A72F70D0E}
	EndProjectSection
EndProject
Project("{9A19103F-16F7-4668-BE54-9A1E7A4F7556}") = "Core", "test\core\Core.csproj", "{FF056B62-225A-47BC-B177-550FADDA4B41}"
	ProjectSection(ProjectDependencies) = postProject
		{2E6E238C-9017-445C-9611-66DA780609BE} = {2E6E238C-9017-445C-9611-66DA780609BE}
		{43CBBA9B-C4BC-4E64-8733-7B72562D2E91} = {43CBBA9B-C4BC-4E64-8733-7B72562D2E91}
		{C001C79F-D289-4CF3-BB59-5F5A72F70D0E} = {C001C79F-D289-4CF3-BB59-5F5A72F70D0E}
	EndProjectSection
EndProject
Project("{FAE04EC0-301F-11D3-BF4B-00C04F79EFBC}") = "Expressions", "test\expressions\Expressions.csproj", "{73688AC6-AFA5-4D1A-80B8-F621D8FF5749}"
	ProjectSection(ProjectDependencies) = postProject
		{2E6E238C-9017-445C-9611-66DA780609BE} = {2E6E238C-9017-445C-9611-66DA780609BE}
		{43CBBA9B-C4BC-4E64-8733-7B72562D2E91} = {43CBBA9B-C4BC-4E64-8733-7B72562D2E91}
		{C001C79F-D289-4CF3-BB59-5F5A72F70D0E} = {C001C79F-D289-4CF3-BB59-5F5A72F70D0E}
	EndProjectSection
EndProject
Project("{9A19103F-16F7-4668-BE54-9A1E7A4F7556}") = "Internal", "test\internal\Internal.csproj", "{2994D2BC-2C4A-479E-AD23-051721470095}"
	ProjectSection(ProjectDependencies) = postProject
		{2E6E238C-9017-445C-9611-66DA780609BE} = {2E6E238C-9017-445C-9611-66DA780609BE}
		{43CBBA9B-C4BC-4E64-8733-7B72562D2E91} = {43CBBA9B-C4BC-4E64-8733-7B72562D2E91}
		{C001C79F-D289-4CF3-BB59-5F5A72F70D0E} = {C001C79F-D289-4CF3-BB59-5F5A72F70D0E}
	EndProjectSection
EndProject
Project("{FAE04EC0-301F-11D3-BF4B-00C04F79EFBC}") = "blob", "..\examples\cs\core\blob\blob.csproj", "{C008F92A-A83B-426C-8760-5092FB8E60BB}"
	ProjectSection(ProjectDependencies) = postProject
		{2E6E238C-9017-445C-9611-66DA780609BE} = {2E6E238C-9017-445C-9611-66DA780609BE}
		{43CBBA9B-C4BC-4E64-8733-7B72562D2E91} = {43CBBA9B-C4BC-4E64-8733-7B72562D2E91}
	EndProjectSection
EndProject
Project("{FAE04EC0-301F-11D3-BF4B-00C04F79EFBC}") = "cloning", "..\examples\cs\core\cloning\cloning.csproj", "{B700FD1B-66B7-4A70-9067-CB214CC4ECCE}"
	ProjectSection(ProjectDependencies) = postProject
		{2E6E238C-9017-445C-9611-66DA780609BE} = {2E6E238C-9017-445C-9611-66DA780609BE}
		{43CBBA9B-C4BC-4E64-8733-7B72562D2E91} = {43CBBA9B-C4BC-4E64-8733-7B72562D2E91}
	EndProjectSection
EndProject
Project("{FAE04EC0-301F-11D3-BF4B-00C04F79EFBC}") = "container_alias", "..\examples\cs\core\container_alias\container_alias.csproj", "{5244DD21-EA2B-4D55-A590-FDBD9E22B8B3}"
	ProjectSection(ProjectDependencies) = postProject
		{2E6E238C-9017-445C-9611-66DA780609BE} = {2E6E238C-9017-445C-9611-66DA780609BE}
		{43CBBA9B-C4BC-4E64-8733-7B72562D2E91} = {43CBBA9B-C4BC-4E64-8733-7B72562D2E91}
	EndProjectSection
EndProject
Project("{FAE04EC0-301F-11D3-BF4B-00C04F79EFBC}") = "date_time", "..\examples\cs\core\date_time\date_time.csproj", "{C5A76919-6EF4-4FCD-963E-96A4084D8BC6}"
	ProjectSection(ProjectDependencies) = postProject
		{2E6E238C-9017-445C-9611-66DA780609BE} = {2E6E238C-9017-445C-9611-66DA780609BE}
		{43CBBA9B-C4BC-4E64-8733-7B72562D2E91} = {43CBBA9B-C4BC-4E64-8733-7B72562D2E91}
	EndProjectSection
EndProject
Project("{FAE04EC0-301F-11D3-BF4B-00C04F79EFBC}") = "decimal", "..\examples\cs\core\decimal\decimal.csproj", "{E991F51D-4595-46FF-AEC3-C070C21BDD4A}"
	ProjectSection(ProjectDependencies) = postProject
		{2E6E238C-9017-445C-9611-66DA780609BE} = {2E6E238C-9017-445C-9611-66DA780609BE}
		{43CBBA9B-C4BC-4E64-8733-7B72562D2E91} = {43CBBA9B-C4BC-4E64-8733-7B72562D2E91}
	EndProjectSection
EndProject
Project("{FAE04EC0-301F-11D3-BF4B-00C04F79EFBC}") = "generics", "..\examples\cs\core\generics\generics.csproj", "{0F04B016-04EC-4D8C-9628-14AD06810E4E}"
	ProjectSection(ProjectDependencies) = postProject
		{2E6E238C-9017-445C-9611-66DA780609BE} = {2E6E238C-9017-445C-9611-66DA780609BE}
		{43CBBA9B-C4BC-4E64-8733-7B72562D2E91} = {43CBBA9B-C4BC-4E64-8733-7B72562D2E91}
	EndProjectSection
EndProject
Project("{FAE04EC0-301F-11D3-BF4B-00C04F79EFBC}") = "guid", "..\examples\cs\core\guid\guid.csproj", "{D891A303-7C61-4880-A90C-23BC37264D45}"
	ProjectSection(ProjectDependencies) = postProject
		{2E6E238C-9017-445C-9611-66DA780609BE} = {2E6E238C-9017-445C-9611-66DA780609BE}
		{43CBBA9B-C4BC-4E64-8733-7B72562D2E91} = {43CBBA9B-C4BC-4E64-8733-7B72562D2E91}
	EndProjectSection
EndProject
Project("{FAE04EC0-301F-11D3-BF4B-00C04F79EFBC}") = "marshaling", "..\examples\cs\core\marshaling\marshaling.csproj", "{5EB63953-7E62-4179-A6ED-F7265F36D65C}"
	ProjectSection(ProjectDependencies) = postProject
		{2E6E238C-9017-445C-9611-66DA780609BE} = {2E6E238C-9017-445C-9611-66DA780609BE}
		{43CBBA9B-C4BC-4E64-8733-7B72562D2E91} = {43CBBA9B-C4BC-4E64-8733-7B72562D2E91}
	EndProjectSection
EndProject
Project("{FAE04EC0-301F-11D3-BF4B-00C04F79EFBC}") = "polymorphic_container", "..\examples\cs\core\polymorphic_container\polymorphic_container.csproj", "{81E294DC-F71C-463A-8827-E9C6099CECB7}"
	ProjectSection(ProjectDependencies) = postProject
		{2E6E238C-9017-445C-9611-66DA780609BE} = {2E6E238C-9017-445C-9611-66DA780609BE}
		{43CBBA9B-C4BC-4E64-8733-7B72562D2E91} = {43CBBA9B-C4BC-4E64-8733-7B72562D2E91}
	EndProjectSection
EndProject
Project("{FAE04EC0-301F-11D3-BF4B-00C04F79EFBC}") = "protocol_transcoding", "..\examples\cs\core\protocol_transcoding\protocol_transcoding.csproj", "{E4B41E06-1341-4AAE-9F6B-8C0CEB7105C0}"
	ProjectSection(ProjectDependencies) = postProject
		{2E6E238C-9017-445C-9611-66DA780609BE} = {2E6E238C-9017-445C-9611-66DA780609BE}
		{43CBBA9B-C4BC-4E64-8733-7B72562D2E91} = {43CBBA9B-C4BC-4E64-8733-7B72562D2E91}
	EndProjectSection
EndProject
Project("{FAE04EC0-301F-11D3-BF4B-00C04F79EFBC}") = "runtime_schema", "..\examples\cs\core\runtime_schema\runtime_schema.csproj", "{92AE12E7-F955-4DC3-B0F2-2428EAB2B016}"
	ProjectSection(ProjectDependencies) = postProject
		{2E6E238C-9017-445C-9611-66DA780609BE} = {2E6E238C-9017-445C-9611-66DA780609BE}
		{43CBBA9B-C4BC-4E64-8733-7B72562D2E91} = {43CBBA9B-C4BC-4E64-8733-7B72562D2E91}
	EndProjectSection
EndProject
Project("{FAE04EC0-301F-11D3-BF4B-00C04F79EFBC}") = "serialization", "..\examples\cs\core\serialization\serialization.csproj", "{BB2FACA7-9C21-4941-99C5-01FD2F488DF8}"
	ProjectSection(ProjectDependencies) = postProject
		{2E6E238C-9017-445C-9611-66DA780609BE} = {2E6E238C-9017-445C-9611-66DA780609BE}
		{43CBBA9B-C4BC-4E64-8733-7B72562D2E91} = {43CBBA9B-C4BC-4E64-8733-7B72562D2E91}
	EndProjectSection
EndProject
Project("{FAE04EC0-301F-11D3-BF4B-00C04F79EFBC}") = "serializer", "..\examples\cs\core\serializer\serializer.csproj", "{E71EFF2E-A50B-4F59-B94B-3C0666ABF75D}"
	ProjectSection(ProjectDependencies) = postProject
		{2E6E238C-9017-445C-9611-66DA780609BE} = {2E6E238C-9017-445C-9611-66DA780609BE}
		{43CBBA9B-C4BC-4E64-8733-7B72562D2E91} = {43CBBA9B-C4BC-4E64-8733-7B72562D2E91}
	EndProjectSection
EndProject
Project("{9A19103F-16F7-4668-BE54-9A1E7A4F7556}") = "simple_json", "..\examples\cs\core\simple_json\simple_json.csproj", "{45E4032C-78E1-41DD-8E51-1CC5AD2AEE02}"
	ProjectSection(ProjectDependencies) = postProject
		{2E6E238C-9017-445C-9611-66DA780609BE} = {2E6E238C-9017-445C-9611-66DA780609BE}
		{43CBBA9B-C4BC-4E64-8733-7B72562D2E91} = {43CBBA9B-C4BC-4E64-8733-7B72562D2E91}
		{C001C79F-D289-4CF3-BB59-5F5A72F70D0E} = {C001C79F-D289-4CF3-BB59-5F5A72F70D0E}
	EndProjectSection
EndProject
Project("{FAE04EC0-301F-11D3-BF4B-00C04F79EFBC}") = "simple_xml", "..\examples\cs\core\simple_xml\simple_xml.csproj", "{BC61F8E8-D536-49FC-A1B4-11AD57B9B3FF}"
	ProjectSection(ProjectDependencies) = postProject
		{2E6E238C-9017-445C-9611-66DA780609BE} = {2E6E238C-9017-445C-9611-66DA780609BE}
		{43CBBA9B-C4BC-4E64-8733-7B72562D2E91} = {43CBBA9B-C4BC-4E64-8733-7B72562D2E91}
	EndProjectSection
EndProject
Project("{FAE04EC0-301F-11D3-BF4B-00C04F79EFBC}") = "stream", "..\examples\cs\core\stream\stream.csproj", "{ADAD1274-18F2-4E45-85B6-792CE91A2D2D}"
	ProjectSection(ProjectDependencies) = postProject
		{2E6E238C-9017-445C-9611-66DA780609BE} = {2E6E238C-9017-445C-9611-66DA780609BE}
		{43CBBA9B-C4BC-4E64-8733-7B72562D2E91} = {43CBBA9B-C4BC-4E64-8733-7B72562D2E91}
	EndProjectSection
EndProject
Project("{FAE04EC0-301F-11D3-BF4B-00C04F79EFBC}") = "untagged_protocols", "..\examples\cs\core\untagged_protocols\untagged_protocols.csproj", "{65B9537D-2E7B-424A-9EBB-8E85FEB65F6F}"
	ProjectSection(ProjectDependencies) = postProject
		{2E6E238C-9017-445C-9611-66DA780609BE} = {2E6E238C-9017-445C-9611-66DA780609BE}
		{43CBBA9B-C4BC-4E64-8733-7B72562D2E91} = {43CBBA9B-C4BC-4E64-8733-7B72562D2E91}
	EndProjectSection
EndProject
Project("{FAE04EC0-301F-11D3-BF4B-00C04F79EFBC}") = "import", "..\examples\cs\core\import\import.csproj", "{2962BDD2-D939-4059-BC89-EAC4E83A24AA}"
	ProjectSection(ProjectDependencies) = postProject
		{2E6E238C-9017-445C-9611-66DA780609BE} = {2E6E238C-9017-445C-9611-66DA780609BE}
		{43CBBA9B-C4BC-4E64-8733-7B72562D2E91} = {43CBBA9B-C4BC-4E64-8733-7B72562D2E91}
	EndProjectSection
EndProject
Project("{FAE04EC0-301F-11D3-BF4B-00C04F79EFBC}") = "no-warnings", "test\codegen\no-warnings\no-warnings.csproj", "{0CEC3863-CFB1-44D5-A9DA-9D860EF6F113}"
	ProjectSection(ProjectDependencies) = postProject
		{21E175D5-BBDD-4B63-8FB7-38899BF2F9D1} = {21E175D5-BBDD-4B63-8FB7-38899BF2F9D1}
		{92915BD9-8AB1-4E4D-A2AC-95BBF4F82D89} = {92915BD9-8AB1-4E4D-A2AC-95BBF4F82D89}
	EndProjectSection
EndProject
Project("{FAE04EC0-301F-11D3-BF4B-00C04F79EFBC}") = "enumerations", "..\examples\cs\core\enumerations\enumerations.csproj", "{510BF771-C6F2-4A5E-B82B-2ACDC5E8E636}"
	ProjectSection(ProjectDependencies) = postProject
		{21E175D5-BBDD-4B63-8FB7-38899BF2F9D1} = {21E175D5-BBDD-4B63-8FB7-38899BF2F9D1}
		{92915BD9-8AB1-4E4D-A2AC-95BBF4F82D89} = {92915BD9-8AB1-4E4D-A2AC-95BBF4F82D89}
	EndProjectSection
EndProject
Project("{9A19103F-16F7-4668-BE54-9A1E7A4F7556}") = "reflection", "src\reflection\reflection.csproj", "{40452223-3A34-4841-9A69-E0B6640B4108}"
EndProject
Project("{2150E333-8FDC-42A3-9474-1A3956D46DE8}") = "codegen", "codegen", "{8CF1F5CD-548F-4323-869E-AA5903C88B6A}"
EndProject
Project("{FAE04EC0-301F-11D3-BF4B-00C04F79EFBC}") = "output-no-slash", "test\codegen\output-no-slash\output-no-slash.csproj", "{BC01695D-D3C6-4569-A032-FDDEAA77260D}"
	ProjectSection(ProjectDependencies) = postProject
		{21E175D5-BBDD-4B63-8FB7-38899BF2F9D1} = {21E175D5-BBDD-4B63-8FB7-38899BF2F9D1}
		{92915BD9-8AB1-4E4D-A2AC-95BBF4F82D89} = {92915BD9-8AB1-4E4D-A2AC-95BBF4F82D89}
	EndProjectSection
EndProject
Project("{FAE04EC0-301F-11D3-BF4B-00C04F79EFBC}") = "generic_tree", "..\examples\cs\core\generic_tree\generic_tree.csproj", "{1EF40513-916C-4D19-96A8-0DDC8D400EB7}"
	ProjectSection(ProjectDependencies) = postProject
		{40452223-3A34-4841-9A69-E0B6640B4108} = {40452223-3A34-4841-9A69-E0B6640B4108}
		{2E6E238C-9017-445C-9611-66DA780609BE} = {2E6E238C-9017-445C-9611-66DA780609BE}
		{43CBBA9B-C4BC-4E64-8733-7B72562D2E91} = {43CBBA9B-C4BC-4E64-8733-7B72562D2E91}
		{92915BD9-8AB1-4E4D-A2AC-95BBF4F82D89} = {92915BD9-8AB1-4E4D-A2AC-95BBF4F82D89}
	EndProjectSection
EndProject
Project("{FAE04EC0-301F-11D3-BF4B-00C04F79EFBC}") = "inheritance", "..\examples\cs\core\inheritance\inheritance.csproj", "{881289CA-9C45-4F2B-B7AC-509C0EBAAA7B}"
	ProjectSection(ProjectDependencies) = postProject
		{40452223-3A34-4841-9A69-E0B6640B4108} = {40452223-3A34-4841-9A69-E0B6640B4108}
		{2E6E238C-9017-445C-9611-66DA780609BE} = {2E6E238C-9017-445C-9611-66DA780609BE}
		{43CBBA9B-C4BC-4E64-8733-7B72562D2E91} = {43CBBA9B-C4BC-4E64-8733-7B72562D2E91}
		{92915BD9-8AB1-4E4D-A2AC-95BBF4F82D89} = {92915BD9-8AB1-4E4D-A2AC-95BBF4F82D89}
	EndProjectSection
EndProject
Project("{FAE04EC0-301F-11D3-BF4B-00C04F79EFBC}") = "nothing_default", "..\examples\cs\core\nothing_default\nothing_default.csproj", "{ACDE265A-91E8-47F0-89F4-D22A45700A82}"
	ProjectSection(ProjectDependencies) = postProject
		{40452223-3A34-4841-9A69-E0B6640B4108} = {40452223-3A34-4841-9A69-E0B6640B4108}
		{2E6E238C-9017-445C-9611-66DA780609BE} = {2E6E238C-9017-445C-9611-66DA780609BE}
		{43CBBA9B-C4BC-4E64-8733-7B72562D2E91} = {43CBBA9B-C4BC-4E64-8733-7B72562D2E91}
		{92915BD9-8AB1-4E4D-A2AC-95BBF4F82D89} = {92915BD9-8AB1-4E4D-A2AC-95BBF4F82D89}
	EndProjectSection
EndProject
Project("{FAE04EC0-301F-11D3-BF4B-00C04F79EFBC}") = "protocol_versions", "..\examples\cs\core\protocol_versions\protocol_versions.csproj", "{B3A51630-DECC-451F-ADE9-CE91BE66E00D}"
	ProjectSection(ProjectDependencies) = postProject
		{40452223-3A34-4841-9A69-E0B6640B4108} = {40452223-3A34-4841-9A69-E0B6640B4108}
		{2E6E238C-9017-445C-9611-66DA780609BE} = {2E6E238C-9017-445C-9611-66DA780609BE}
		{43CBBA9B-C4BC-4E64-8733-7B72562D2E91} = {43CBBA9B-C4BC-4E64-8733-7B72562D2E91}
		{92915BD9-8AB1-4E4D-A2AC-95BBF4F82D89} = {92915BD9-8AB1-4E4D-A2AC-95BBF4F82D89}
	EndProjectSection
EndProject
Project("{FAE04EC0-301F-11D3-BF4B-00C04F79EFBC}") = "record_streaming", "..\examples\cs\core\record_streaming\record_streaming.csproj", "{A3D32461-E09E-4F96-96B6-3B58835365D8}"
	ProjectSection(ProjectDependencies) = postProject
		{40452223-3A34-4841-9A69-E0B6640B4108} = {40452223-3A34-4841-9A69-E0B6640B4108}
		{2E6E238C-9017-445C-9611-66DA780609BE} = {2E6E238C-9017-445C-9611-66DA780609BE}
		{43CBBA9B-C4BC-4E64-8733-7B72562D2E91} = {43CBBA9B-C4BC-4E64-8733-7B72562D2E91}
		{92915BD9-8AB1-4E4D-A2AC-95BBF4F82D89} = {92915BD9-8AB1-4E4D-A2AC-95BBF4F82D89}
	EndProjectSection
EndProject
Project("{FAE04EC0-301F-11D3-BF4B-00C04F79EFBC}") = "schema_view", "..\examples\cs\core\schema_view\schema_view.csproj", "{4FACD9A1-B8AC-4D76-B4B5-B71607EA8F8C}"
	ProjectSection(ProjectDependencies) = postProject
		{40452223-3A34-4841-9A69-E0B6640B4108} = {40452223-3A34-4841-9A69-E0B6640B4108}
		{2E6E238C-9017-445C-9611-66DA780609BE} = {2E6E238C-9017-445C-9611-66DA780609BE}
		{43CBBA9B-C4BC-4E64-8733-7B72562D2E91} = {43CBBA9B-C4BC-4E64-8733-7B72562D2E91}
		{92915BD9-8AB1-4E4D-A2AC-95BBF4F82D89} = {92915BD9-8AB1-4E4D-A2AC-95BBF4F82D89}
	EndProjectSection
EndProject
Project("{9A19103F-16F7-4668-BE54-9A1E7A4F7556}") = "CoreNS10", "test\coreNS10\CoreNS10.csproj", "{3805B86E-2BE3-4FFA-A11C-B4981069EC88}"
	ProjectSection(ProjectDependencies) = postProject
		{2E6E238C-9017-445C-9611-66DA780609BE} = {2E6E238C-9017-445C-9611-66DA780609BE}
		{43CBBA9B-C4BC-4E64-8733-7B72562D2E91} = {43CBBA9B-C4BC-4E64-8733-7B72562D2E91}
		{C001C79F-D289-4CF3-BB59-5F5A72F70D0E} = {C001C79F-D289-4CF3-BB59-5F5A72F70D0E}
	EndProjectSection
EndProject
Project("{9A19103F-16F7-4668-BE54-9A1E7A4F7556}") = "default-ignore-output", "test\codegen\default-ignore-output\default-ignore-output.csproj", "{98BF6B10-F821-4402-8923-5F7B726BBFC8}"
	ProjectSection(ProjectDependencies) = postProject
		{21E175D5-BBDD-4B63-8FB7-38899BF2F9D1} = {21E175D5-BBDD-4B63-8FB7-38899BF2F9D1}
	EndProjectSection
EndProject
Project("{FAE04EC0-301F-11D3-BF4B-00C04F79EFBC}") = "immutable_collections", "..\examples\cs\core\immutable_collections\immutable_collections.csproj", "{9CC2754E-501D-4DB3-8EAA-8B91025E5DF6}"
EndProject
Global
	GlobalSection(SolutionConfigurationPlatforms) = preSolution
		Debug|Any CPU = Debug|Any CPU
		Debug|Mixed Platforms = Debug|Mixed Platforms
		Debug|Win32 = Debug|Win32
		Fields|Any CPU = Fields|Any CPU
		Fields|Mixed Platforms = Fields|Mixed Platforms
		Fields|Win32 = Fields|Win32
		Release|Any CPU = Release|Any CPU
		Release|Mixed Platforms = Release|Mixed Platforms
		Release|Win32 = Release|Win32
	EndGlobalSection
	GlobalSection(ProjectConfigurationPlatforms) = postSolution
		{92915BD9-8AB1-4E4D-A2AC-95BBF4F82D89}.Debug|Any CPU.ActiveCfg = Debug|Any CPU
		{92915BD9-8AB1-4E4D-A2AC-95BBF4F82D89}.Debug|Any CPU.Build.0 = Debug|Any CPU
		{92915BD9-8AB1-4E4D-A2AC-95BBF4F82D89}.Debug|Mixed Platforms.ActiveCfg = Debug|Any CPU
		{92915BD9-8AB1-4E4D-A2AC-95BBF4F82D89}.Debug|Mixed Platforms.Build.0 = Debug|Any CPU
		{92915BD9-8AB1-4E4D-A2AC-95BBF4F82D89}.Debug|Win32.ActiveCfg = Debug|Any CPU
		{92915BD9-8AB1-4E4D-A2AC-95BBF4F82D89}.Fields|Any CPU.ActiveCfg = Debug|Any CPU
		{92915BD9-8AB1-4E4D-A2AC-95BBF4F82D89}.Fields|Any CPU.Build.0 = Debug|Any CPU
		{92915BD9-8AB1-4E4D-A2AC-95BBF4F82D89}.Fields|Mixed Platforms.ActiveCfg = Debug|Any CPU
		{92915BD9-8AB1-4E4D-A2AC-95BBF4F82D89}.Fields|Mixed Platforms.Build.0 = Debug|Any CPU
		{92915BD9-8AB1-4E4D-A2AC-95BBF4F82D89}.Fields|Win32.ActiveCfg = Release|Any CPU
		{92915BD9-8AB1-4E4D-A2AC-95BBF4F82D89}.Release|Any CPU.ActiveCfg = Release|Any CPU
		{92915BD9-8AB1-4E4D-A2AC-95BBF4F82D89}.Release|Any CPU.Build.0 = Release|Any CPU
		{92915BD9-8AB1-4E4D-A2AC-95BBF4F82D89}.Release|Mixed Platforms.ActiveCfg = Release|Any CPU
		{92915BD9-8AB1-4E4D-A2AC-95BBF4F82D89}.Release|Mixed Platforms.Build.0 = Release|Any CPU
		{92915BD9-8AB1-4E4D-A2AC-95BBF4F82D89}.Release|Win32.ActiveCfg = Release|Any CPU
		{43CBBA9B-C4BC-4E64-8733-7B72562D2E91}.Debug|Any CPU.ActiveCfg = Debug|Any CPU
		{43CBBA9B-C4BC-4E64-8733-7B72562D2E91}.Debug|Any CPU.Build.0 = Debug|Any CPU
		{43CBBA9B-C4BC-4E64-8733-7B72562D2E91}.Debug|Mixed Platforms.ActiveCfg = Debug|Any CPU
		{43CBBA9B-C4BC-4E64-8733-7B72562D2E91}.Debug|Mixed Platforms.Build.0 = Debug|Any CPU
		{43CBBA9B-C4BC-4E64-8733-7B72562D2E91}.Debug|Win32.ActiveCfg = Debug|Any CPU
		{43CBBA9B-C4BC-4E64-8733-7B72562D2E91}.Fields|Any CPU.ActiveCfg = Debug|Any CPU
		{43CBBA9B-C4BC-4E64-8733-7B72562D2E91}.Fields|Any CPU.Build.0 = Debug|Any CPU
		{43CBBA9B-C4BC-4E64-8733-7B72562D2E91}.Fields|Mixed Platforms.ActiveCfg = Debug|Any CPU
		{43CBBA9B-C4BC-4E64-8733-7B72562D2E91}.Fields|Mixed Platforms.Build.0 = Debug|Any CPU
		{43CBBA9B-C4BC-4E64-8733-7B72562D2E91}.Fields|Win32.ActiveCfg = Release|Any CPU
		{43CBBA9B-C4BC-4E64-8733-7B72562D2E91}.Release|Any CPU.ActiveCfg = Release|Any CPU
		{43CBBA9B-C4BC-4E64-8733-7B72562D2E91}.Release|Any CPU.Build.0 = Release|Any CPU
		{43CBBA9B-C4BC-4E64-8733-7B72562D2E91}.Release|Mixed Platforms.ActiveCfg = Release|Any CPU
		{43CBBA9B-C4BC-4E64-8733-7B72562D2E91}.Release|Mixed Platforms.Build.0 = Release|Any CPU
		{43CBBA9B-C4BC-4E64-8733-7B72562D2E91}.Release|Win32.ActiveCfg = Release|Any CPU
		{2E6E238C-9017-445C-9611-66DA780609BE}.Debug|Any CPU.ActiveCfg = Debug|Any CPU
		{2E6E238C-9017-445C-9611-66DA780609BE}.Debug|Any CPU.Build.0 = Debug|Any CPU
		{2E6E238C-9017-445C-9611-66DA780609BE}.Debug|Mixed Platforms.ActiveCfg = Debug|Any CPU
		{2E6E238C-9017-445C-9611-66DA780609BE}.Debug|Mixed Platforms.Build.0 = Debug|Any CPU
		{2E6E238C-9017-445C-9611-66DA780609BE}.Debug|Win32.ActiveCfg = Debug|Any CPU
		{2E6E238C-9017-445C-9611-66DA780609BE}.Fields|Any CPU.ActiveCfg = Debug|Any CPU
		{2E6E238C-9017-445C-9611-66DA780609BE}.Fields|Any CPU.Build.0 = Debug|Any CPU
		{2E6E238C-9017-445C-9611-66DA780609BE}.Fields|Mixed Platforms.ActiveCfg = Debug|Any CPU
		{2E6E238C-9017-445C-9611-66DA780609BE}.Fields|Mixed Platforms.Build.0 = Debug|Any CPU
		{2E6E238C-9017-445C-9611-66DA780609BE}.Fields|Win32.ActiveCfg = Release|Any CPU
		{2E6E238C-9017-445C-9611-66DA780609BE}.Release|Any CPU.ActiveCfg = Release|Any CPU
		{2E6E238C-9017-445C-9611-66DA780609BE}.Release|Any CPU.Build.0 = Release|Any CPU
		{2E6E238C-9017-445C-9611-66DA780609BE}.Release|Mixed Platforms.ActiveCfg = Release|Any CPU
		{2E6E238C-9017-445C-9611-66DA780609BE}.Release|Mixed Platforms.Build.0 = Release|Any CPU
		{2E6E238C-9017-445C-9611-66DA780609BE}.Release|Win32.ActiveCfg = Release|Any CPU
		{C001C79F-D289-4CF3-BB59-5F5A72F70D0E}.Debug|Any CPU.ActiveCfg = Debug|Any CPU
		{C001C79F-D289-4CF3-BB59-5F5A72F70D0E}.Debug|Any CPU.Build.0 = Debug|Any CPU
		{C001C79F-D289-4CF3-BB59-5F5A72F70D0E}.Debug|Mixed Platforms.ActiveCfg = Debug|Any CPU
		{C001C79F-D289-4CF3-BB59-5F5A72F70D0E}.Debug|Mixed Platforms.Build.0 = Debug|Any CPU
		{C001C79F-D289-4CF3-BB59-5F5A72F70D0E}.Debug|Win32.ActiveCfg = Debug|Any CPU
		{C001C79F-D289-4CF3-BB59-5F5A72F70D0E}.Fields|Any CPU.ActiveCfg = Debug|Any CPU
		{C001C79F-D289-4CF3-BB59-5F5A72F70D0E}.Fields|Any CPU.Build.0 = Debug|Any CPU
		{C001C79F-D289-4CF3-BB59-5F5A72F70D0E}.Fields|Mixed Platforms.ActiveCfg = Debug|Any CPU
		{C001C79F-D289-4CF3-BB59-5F5A72F70D0E}.Fields|Mixed Platforms.Build.0 = Debug|Any CPU
		{C001C79F-D289-4CF3-BB59-5F5A72F70D0E}.Fields|Win32.ActiveCfg = Release|Any CPU
		{C001C79F-D289-4CF3-BB59-5F5A72F70D0E}.Release|Any CPU.ActiveCfg = Release|Any CPU
		{C001C79F-D289-4CF3-BB59-5F5A72F70D0E}.Release|Any CPU.Build.0 = Release|Any CPU
		{C001C79F-D289-4CF3-BB59-5F5A72F70D0E}.Release|Mixed Platforms.ActiveCfg = Release|Any CPU
		{C001C79F-D289-4CF3-BB59-5F5A72F70D0E}.Release|Mixed Platforms.Build.0 = Release|Any CPU
		{C001C79F-D289-4CF3-BB59-5F5A72F70D0E}.Release|Win32.ActiveCfg = Release|Any CPU
		{21E175D5-BBDD-4B63-8FB7-38899BF2F9D1}.Debug|Any CPU.ActiveCfg = Debug|Any CPU
		{21E175D5-BBDD-4B63-8FB7-38899BF2F9D1}.Debug|Any CPU.Build.0 = Debug|Any CPU
		{21E175D5-BBDD-4B63-8FB7-38899BF2F9D1}.Debug|Mixed Platforms.ActiveCfg = Debug|Any CPU
		{21E175D5-BBDD-4B63-8FB7-38899BF2F9D1}.Debug|Mixed Platforms.Build.0 = Debug|Any CPU
		{21E175D5-BBDD-4B63-8FB7-38899BF2F9D1}.Debug|Win32.ActiveCfg = Debug|Any CPU
		{21E175D5-BBDD-4B63-8FB7-38899BF2F9D1}.Debug|Win32.Build.0 = Debug|Any CPU
		{21E175D5-BBDD-4B63-8FB7-38899BF2F9D1}.Fields|Any CPU.ActiveCfg = Debug|Any CPU
		{21E175D5-BBDD-4B63-8FB7-38899BF2F9D1}.Fields|Any CPU.Build.0 = Debug|Any CPU
		{21E175D5-BBDD-4B63-8FB7-38899BF2F9D1}.Fields|Mixed Platforms.ActiveCfg = Debug|Any CPU
		{21E175D5-BBDD-4B63-8FB7-38899BF2F9D1}.Fields|Mixed Platforms.Build.0 = Debug|Any CPU
		{21E175D5-BBDD-4B63-8FB7-38899BF2F9D1}.Fields|Win32.ActiveCfg = Debug|Any CPU
		{21E175D5-BBDD-4B63-8FB7-38899BF2F9D1}.Fields|Win32.Build.0 = Debug|Any CPU
		{21E175D5-BBDD-4B63-8FB7-38899BF2F9D1}.Release|Any CPU.ActiveCfg = Release|Any CPU
		{21E175D5-BBDD-4B63-8FB7-38899BF2F9D1}.Release|Any CPU.Build.0 = Release|Any CPU
		{21E175D5-BBDD-4B63-8FB7-38899BF2F9D1}.Release|Mixed Platforms.ActiveCfg = Release|Any CPU
		{21E175D5-BBDD-4B63-8FB7-38899BF2F9D1}.Release|Mixed Platforms.Build.0 = Release|Any CPU
		{21E175D5-BBDD-4B63-8FB7-38899BF2F9D1}.Release|Win32.ActiveCfg = Release|Any CPU
		{21E175D5-BBDD-4B63-8FB7-38899BF2F9D1}.Release|Win32.Build.0 = Release|Any CPU
		{01302DFD-8DB9-4204-AAA5-1AA0EBC52749}.Debug|Any CPU.ActiveCfg = Debug|Any CPU
		{01302DFD-8DB9-4204-AAA5-1AA0EBC52749}.Debug|Any CPU.Build.0 = Debug|Any CPU
		{01302DFD-8DB9-4204-AAA5-1AA0EBC52749}.Debug|Mixed Platforms.ActiveCfg = Debug|Any CPU
		{01302DFD-8DB9-4204-AAA5-1AA0EBC52749}.Debug|Mixed Platforms.Build.0 = Debug|Any CPU
		{01302DFD-8DB9-4204-AAA5-1AA0EBC52749}.Debug|Win32.ActiveCfg = Debug|Any CPU
		{01302DFD-8DB9-4204-AAA5-1AA0EBC52749}.Fields|Any CPU.ActiveCfg = Debug|Any CPU
		{01302DFD-8DB9-4204-AAA5-1AA0EBC52749}.Fields|Any CPU.Build.0 = Debug|Any CPU
		{01302DFD-8DB9-4204-AAA5-1AA0EBC52749}.Fields|Mixed Platforms.ActiveCfg = Debug|Any CPU
		{01302DFD-8DB9-4204-AAA5-1AA0EBC52749}.Fields|Mixed Platforms.Build.0 = Debug|Any CPU
		{01302DFD-8DB9-4204-AAA5-1AA0EBC52749}.Fields|Win32.ActiveCfg = Debug|Any CPU
		{01302DFD-8DB9-4204-AAA5-1AA0EBC52749}.Release|Any CPU.ActiveCfg = Release|Any CPU
		{01302DFD-8DB9-4204-AAA5-1AA0EBC52749}.Release|Any CPU.Build.0 = Release|Any CPU
		{01302DFD-8DB9-4204-AAA5-1AA0EBC52749}.Release|Mixed Platforms.ActiveCfg = Release|Any CPU
		{01302DFD-8DB9-4204-AAA5-1AA0EBC52749}.Release|Mixed Platforms.Build.0 = Release|Any CPU
		{01302DFD-8DB9-4204-AAA5-1AA0EBC52749}.Release|Win32.ActiveCfg = Release|Any CPU
		{FF056B62-225A-47BC-B177-550FADDA4B41}.Debug|Any CPU.ActiveCfg = Debug|Any CPU
		{FF056B62-225A-47BC-B177-550FADDA4B41}.Debug|Any CPU.Build.0 = Debug|Any CPU
		{FF056B62-225A-47BC-B177-550FADDA4B41}.Debug|Mixed Platforms.ActiveCfg = Debug|Any CPU
		{FF056B62-225A-47BC-B177-550FADDA4B41}.Debug|Mixed Platforms.Build.0 = Debug|Any CPU
		{FF056B62-225A-47BC-B177-550FADDA4B41}.Debug|Win32.ActiveCfg = Debug|Any CPU
		{FF056B62-225A-47BC-B177-550FADDA4B41}.Fields|Any CPU.ActiveCfg = Fields|Any CPU
		{FF056B62-225A-47BC-B177-550FADDA4B41}.Fields|Any CPU.Build.0 = Fields|Any CPU
		{FF056B62-225A-47BC-B177-550FADDA4B41}.Fields|Mixed Platforms.ActiveCfg = Fields|Any CPU
		{FF056B62-225A-47BC-B177-550FADDA4B41}.Fields|Mixed Platforms.Build.0 = Fields|Any CPU
		{FF056B62-225A-47BC-B177-550FADDA4B41}.Fields|Win32.ActiveCfg = Fields|Any CPU
		{FF056B62-225A-47BC-B177-550FADDA4B41}.Release|Any CPU.ActiveCfg = Release|Any CPU
		{FF056B62-225A-47BC-B177-550FADDA4B41}.Release|Any CPU.Build.0 = Release|Any CPU
		{FF056B62-225A-47BC-B177-550FADDA4B41}.Release|Mixed Platforms.ActiveCfg = Release|Any CPU
		{FF056B62-225A-47BC-B177-550FADDA4B41}.Release|Mixed Platforms.Build.0 = Release|Any CPU
		{FF056B62-225A-47BC-B177-550FADDA4B41}.Release|Win32.ActiveCfg = Release|Any CPU
		{73688AC6-AFA5-4D1A-80B8-F621D8FF5749}.Debug|Any CPU.ActiveCfg = Debug|Any CPU
		{73688AC6-AFA5-4D1A-80B8-F621D8FF5749}.Debug|Any CPU.Build.0 = Debug|Any CPU
		{73688AC6-AFA5-4D1A-80B8-F621D8FF5749}.Debug|Mixed Platforms.ActiveCfg = Debug|Any CPU
		{73688AC6-AFA5-4D1A-80B8-F621D8FF5749}.Debug|Mixed Platforms.Build.0 = Debug|Any CPU
		{73688AC6-AFA5-4D1A-80B8-F621D8FF5749}.Debug|Win32.ActiveCfg = Debug|Any CPU
		{73688AC6-AFA5-4D1A-80B8-F621D8FF5749}.Fields|Any CPU.ActiveCfg = Debug|Any CPU
		{73688AC6-AFA5-4D1A-80B8-F621D8FF5749}.Fields|Any CPU.Build.0 = Debug|Any CPU
		{73688AC6-AFA5-4D1A-80B8-F621D8FF5749}.Fields|Mixed Platforms.ActiveCfg = Debug|Any CPU
		{73688AC6-AFA5-4D1A-80B8-F621D8FF5749}.Fields|Mixed Platforms.Build.0 = Debug|Any CPU
		{73688AC6-AFA5-4D1A-80B8-F621D8FF5749}.Fields|Win32.ActiveCfg = Debug|Any CPU
		{73688AC6-AFA5-4D1A-80B8-F621D8FF5749}.Release|Any CPU.ActiveCfg = Release|Any CPU
		{73688AC6-AFA5-4D1A-80B8-F621D8FF5749}.Release|Any CPU.Build.0 = Release|Any CPU
		{73688AC6-AFA5-4D1A-80B8-F621D8FF5749}.Release|Mixed Platforms.ActiveCfg = Release|Any CPU
		{73688AC6-AFA5-4D1A-80B8-F621D8FF5749}.Release|Mixed Platforms.Build.0 = Release|Any CPU
		{73688AC6-AFA5-4D1A-80B8-F621D8FF5749}.Release|Win32.ActiveCfg = Release|Any CPU
		{2994D2BC-2C4A-479E-AD23-051721470095}.Debug|Any CPU.ActiveCfg = Debug|Any CPU
		{2994D2BC-2C4A-479E-AD23-051721470095}.Debug|Any CPU.Build.0 = Debug|Any CPU
		{2994D2BC-2C4A-479E-AD23-051721470095}.Debug|Mixed Platforms.ActiveCfg = Debug|Any CPU
		{2994D2BC-2C4A-479E-AD23-051721470095}.Debug|Mixed Platforms.Build.0 = Debug|Any CPU
		{2994D2BC-2C4A-479E-AD23-051721470095}.Debug|Win32.ActiveCfg = Debug|Any CPU
		{2994D2BC-2C4A-479E-AD23-051721470095}.Fields|Any CPU.ActiveCfg = Debug|Any CPU
		{2994D2BC-2C4A-479E-AD23-051721470095}.Fields|Any CPU.Build.0 = Debug|Any CPU
		{2994D2BC-2C4A-479E-AD23-051721470095}.Fields|Mixed Platforms.ActiveCfg = Debug|Any CPU
		{2994D2BC-2C4A-479E-AD23-051721470095}.Fields|Mixed Platforms.Build.0 = Debug|Any CPU
		{2994D2BC-2C4A-479E-AD23-051721470095}.Fields|Win32.ActiveCfg = Debug|Any CPU
		{2994D2BC-2C4A-479E-AD23-051721470095}.Release|Any CPU.ActiveCfg = Release|Any CPU
		{2994D2BC-2C4A-479E-AD23-051721470095}.Release|Any CPU.Build.0 = Release|Any CPU
		{2994D2BC-2C4A-479E-AD23-051721470095}.Release|Mixed Platforms.ActiveCfg = Release|Any CPU
		{2994D2BC-2C4A-479E-AD23-051721470095}.Release|Mixed Platforms.Build.0 = Release|Any CPU
		{2994D2BC-2C4A-479E-AD23-051721470095}.Release|Win32.ActiveCfg = Release|Any CPU
		{C008F92A-A83B-426C-8760-5092FB8E60BB}.Debug|Any CPU.ActiveCfg = Debug|Any CPU
		{C008F92A-A83B-426C-8760-5092FB8E60BB}.Debug|Any CPU.Build.0 = Debug|Any CPU
		{C008F92A-A83B-426C-8760-5092FB8E60BB}.Debug|Mixed Platforms.ActiveCfg = Debug|Any CPU
		{C008F92A-A83B-426C-8760-5092FB8E60BB}.Debug|Mixed Platforms.Build.0 = Debug|Any CPU
		{C008F92A-A83B-426C-8760-5092FB8E60BB}.Debug|Win32.ActiveCfg = Debug|Any CPU
		{C008F92A-A83B-426C-8760-5092FB8E60BB}.Fields|Any CPU.ActiveCfg = Debug|Any CPU
		{C008F92A-A83B-426C-8760-5092FB8E60BB}.Fields|Any CPU.Build.0 = Debug|Any CPU
		{C008F92A-A83B-426C-8760-5092FB8E60BB}.Fields|Mixed Platforms.ActiveCfg = Debug|Any CPU
		{C008F92A-A83B-426C-8760-5092FB8E60BB}.Fields|Mixed Platforms.Build.0 = Debug|Any CPU
		{C008F92A-A83B-426C-8760-5092FB8E60BB}.Fields|Win32.ActiveCfg = Debug|Any CPU
		{C008F92A-A83B-426C-8760-5092FB8E60BB}.Release|Any CPU.ActiveCfg = Release|Any CPU
		{C008F92A-A83B-426C-8760-5092FB8E60BB}.Release|Any CPU.Build.0 = Release|Any CPU
		{C008F92A-A83B-426C-8760-5092FB8E60BB}.Release|Mixed Platforms.ActiveCfg = Release|Any CPU
		{C008F92A-A83B-426C-8760-5092FB8E60BB}.Release|Mixed Platforms.Build.0 = Release|Any CPU
		{C008F92A-A83B-426C-8760-5092FB8E60BB}.Release|Win32.ActiveCfg = Release|Any CPU
		{B700FD1B-66B7-4A70-9067-CB214CC4ECCE}.Debug|Any CPU.ActiveCfg = Debug|Any CPU
		{B700FD1B-66B7-4A70-9067-CB214CC4ECCE}.Debug|Any CPU.Build.0 = Debug|Any CPU
		{B700FD1B-66B7-4A70-9067-CB214CC4ECCE}.Debug|Mixed Platforms.ActiveCfg = Debug|Any CPU
		{B700FD1B-66B7-4A70-9067-CB214CC4ECCE}.Debug|Mixed Platforms.Build.0 = Debug|Any CPU
		{B700FD1B-66B7-4A70-9067-CB214CC4ECCE}.Debug|Win32.ActiveCfg = Debug|Any CPU
		{B700FD1B-66B7-4A70-9067-CB214CC4ECCE}.Fields|Any CPU.ActiveCfg = Debug|Any CPU
		{B700FD1B-66B7-4A70-9067-CB214CC4ECCE}.Fields|Any CPU.Build.0 = Debug|Any CPU
		{B700FD1B-66B7-4A70-9067-CB214CC4ECCE}.Fields|Mixed Platforms.ActiveCfg = Debug|Any CPU
		{B700FD1B-66B7-4A70-9067-CB214CC4ECCE}.Fields|Mixed Platforms.Build.0 = Debug|Any CPU
		{B700FD1B-66B7-4A70-9067-CB214CC4ECCE}.Fields|Win32.ActiveCfg = Debug|Any CPU
		{B700FD1B-66B7-4A70-9067-CB214CC4ECCE}.Release|Any CPU.ActiveCfg = Release|Any CPU
		{B700FD1B-66B7-4A70-9067-CB214CC4ECCE}.Release|Any CPU.Build.0 = Release|Any CPU
		{B700FD1B-66B7-4A70-9067-CB214CC4ECCE}.Release|Mixed Platforms.ActiveCfg = Release|Any CPU
		{B700FD1B-66B7-4A70-9067-CB214CC4ECCE}.Release|Mixed Platforms.Build.0 = Release|Any CPU
		{B700FD1B-66B7-4A70-9067-CB214CC4ECCE}.Release|Win32.ActiveCfg = Release|Any CPU
		{5244DD21-EA2B-4D55-A590-FDBD9E22B8B3}.Debug|Any CPU.ActiveCfg = Debug|Any CPU
		{5244DD21-EA2B-4D55-A590-FDBD9E22B8B3}.Debug|Any CPU.Build.0 = Debug|Any CPU
		{5244DD21-EA2B-4D55-A590-FDBD9E22B8B3}.Debug|Mixed Platforms.ActiveCfg = Debug|Any CPU
		{5244DD21-EA2B-4D55-A590-FDBD9E22B8B3}.Debug|Mixed Platforms.Build.0 = Debug|Any CPU
		{5244DD21-EA2B-4D55-A590-FDBD9E22B8B3}.Debug|Win32.ActiveCfg = Debug|Any CPU
		{5244DD21-EA2B-4D55-A590-FDBD9E22B8B3}.Fields|Any CPU.ActiveCfg = Debug|Any CPU
		{5244DD21-EA2B-4D55-A590-FDBD9E22B8B3}.Fields|Any CPU.Build.0 = Debug|Any CPU
		{5244DD21-EA2B-4D55-A590-FDBD9E22B8B3}.Fields|Mixed Platforms.ActiveCfg = Debug|Any CPU
		{5244DD21-EA2B-4D55-A590-FDBD9E22B8B3}.Fields|Mixed Platforms.Build.0 = Debug|Any CPU
		{5244DD21-EA2B-4D55-A590-FDBD9E22B8B3}.Fields|Win32.ActiveCfg = Debug|Any CPU
		{5244DD21-EA2B-4D55-A590-FDBD9E22B8B3}.Release|Any CPU.ActiveCfg = Release|Any CPU
		{5244DD21-EA2B-4D55-A590-FDBD9E22B8B3}.Release|Any CPU.Build.0 = Release|Any CPU
		{5244DD21-EA2B-4D55-A590-FDBD9E22B8B3}.Release|Mixed Platforms.ActiveCfg = Release|Any CPU
		{5244DD21-EA2B-4D55-A590-FDBD9E22B8B3}.Release|Mixed Platforms.Build.0 = Release|Any CPU
		{5244DD21-EA2B-4D55-A590-FDBD9E22B8B3}.Release|Win32.ActiveCfg = Release|Any CPU
		{C5A76919-6EF4-4FCD-963E-96A4084D8BC6}.Debug|Any CPU.ActiveCfg = Debug|Any CPU
		{C5A76919-6EF4-4FCD-963E-96A4084D8BC6}.Debug|Any CPU.Build.0 = Debug|Any CPU
		{C5A76919-6EF4-4FCD-963E-96A4084D8BC6}.Debug|Mixed Platforms.ActiveCfg = Debug|Any CPU
		{C5A76919-6EF4-4FCD-963E-96A4084D8BC6}.Debug|Mixed Platforms.Build.0 = Debug|Any CPU
		{C5A76919-6EF4-4FCD-963E-96A4084D8BC6}.Debug|Win32.ActiveCfg = Debug|Any CPU
		{C5A76919-6EF4-4FCD-963E-96A4084D8BC6}.Fields|Any CPU.ActiveCfg = Debug|Any CPU
		{C5A76919-6EF4-4FCD-963E-96A4084D8BC6}.Fields|Any CPU.Build.0 = Debug|Any CPU
		{C5A76919-6EF4-4FCD-963E-96A4084D8BC6}.Fields|Mixed Platforms.ActiveCfg = Debug|Any CPU
		{C5A76919-6EF4-4FCD-963E-96A4084D8BC6}.Fields|Mixed Platforms.Build.0 = Debug|Any CPU
		{C5A76919-6EF4-4FCD-963E-96A4084D8BC6}.Fields|Win32.ActiveCfg = Debug|Any CPU
		{C5A76919-6EF4-4FCD-963E-96A4084D8BC6}.Release|Any CPU.ActiveCfg = Release|Any CPU
		{C5A76919-6EF4-4FCD-963E-96A4084D8BC6}.Release|Any CPU.Build.0 = Release|Any CPU
		{C5A76919-6EF4-4FCD-963E-96A4084D8BC6}.Release|Mixed Platforms.ActiveCfg = Release|Any CPU
		{C5A76919-6EF4-4FCD-963E-96A4084D8BC6}.Release|Mixed Platforms.Build.0 = Release|Any CPU
		{C5A76919-6EF4-4FCD-963E-96A4084D8BC6}.Release|Win32.ActiveCfg = Release|Any CPU
		{E991F51D-4595-46FF-AEC3-C070C21BDD4A}.Debug|Any CPU.ActiveCfg = Debug|Any CPU
		{E991F51D-4595-46FF-AEC3-C070C21BDD4A}.Debug|Any CPU.Build.0 = Debug|Any CPU
		{E991F51D-4595-46FF-AEC3-C070C21BDD4A}.Debug|Mixed Platforms.ActiveCfg = Debug|Any CPU
		{E991F51D-4595-46FF-AEC3-C070C21BDD4A}.Debug|Mixed Platforms.Build.0 = Debug|Any CPU
		{E991F51D-4595-46FF-AEC3-C070C21BDD4A}.Debug|Win32.ActiveCfg = Debug|Any CPU
		{E991F51D-4595-46FF-AEC3-C070C21BDD4A}.Fields|Any CPU.ActiveCfg = Debug|Any CPU
		{E991F51D-4595-46FF-AEC3-C070C21BDD4A}.Fields|Any CPU.Build.0 = Debug|Any CPU
		{E991F51D-4595-46FF-AEC3-C070C21BDD4A}.Fields|Mixed Platforms.ActiveCfg = Debug|Any CPU
		{E991F51D-4595-46FF-AEC3-C070C21BDD4A}.Fields|Mixed Platforms.Build.0 = Debug|Any CPU
		{E991F51D-4595-46FF-AEC3-C070C21BDD4A}.Fields|Win32.ActiveCfg = Debug|Any CPU
		{E991F51D-4595-46FF-AEC3-C070C21BDD4A}.Release|Any CPU.ActiveCfg = Release|Any CPU
		{E991F51D-4595-46FF-AEC3-C070C21BDD4A}.Release|Any CPU.Build.0 = Release|Any CPU
		{E991F51D-4595-46FF-AEC3-C070C21BDD4A}.Release|Mixed Platforms.ActiveCfg = Release|Any CPU
		{E991F51D-4595-46FF-AEC3-C070C21BDD4A}.Release|Mixed Platforms.Build.0 = Release|Any CPU
		{E991F51D-4595-46FF-AEC3-C070C21BDD4A}.Release|Win32.ActiveCfg = Release|Any CPU
		{0F04B016-04EC-4D8C-9628-14AD06810E4E}.Debug|Any CPU.ActiveCfg = Debug|Any CPU
		{0F04B016-04EC-4D8C-9628-14AD06810E4E}.Debug|Any CPU.Build.0 = Debug|Any CPU
		{0F04B016-04EC-4D8C-9628-14AD06810E4E}.Debug|Mixed Platforms.ActiveCfg = Debug|Any CPU
		{0F04B016-04EC-4D8C-9628-14AD06810E4E}.Debug|Mixed Platforms.Build.0 = Debug|Any CPU
		{0F04B016-04EC-4D8C-9628-14AD06810E4E}.Debug|Win32.ActiveCfg = Debug|Any CPU
		{0F04B016-04EC-4D8C-9628-14AD06810E4E}.Fields|Any CPU.ActiveCfg = Debug|Any CPU
		{0F04B016-04EC-4D8C-9628-14AD06810E4E}.Fields|Any CPU.Build.0 = Debug|Any CPU
		{0F04B016-04EC-4D8C-9628-14AD06810E4E}.Fields|Mixed Platforms.ActiveCfg = Debug|Any CPU
		{0F04B016-04EC-4D8C-9628-14AD06810E4E}.Fields|Mixed Platforms.Build.0 = Debug|Any CPU
		{0F04B016-04EC-4D8C-9628-14AD06810E4E}.Fields|Win32.ActiveCfg = Debug|Any CPU
		{0F04B016-04EC-4D8C-9628-14AD06810E4E}.Release|Any CPU.ActiveCfg = Release|Any CPU
		{0F04B016-04EC-4D8C-9628-14AD06810E4E}.Release|Any CPU.Build.0 = Release|Any CPU
		{0F04B016-04EC-4D8C-9628-14AD06810E4E}.Release|Mixed Platforms.ActiveCfg = Release|Any CPU
		{0F04B016-04EC-4D8C-9628-14AD06810E4E}.Release|Mixed Platforms.Build.0 = Release|Any CPU
		{0F04B016-04EC-4D8C-9628-14AD06810E4E}.Release|Win32.ActiveCfg = Release|Any CPU
		{D891A303-7C61-4880-A90C-23BC37264D45}.Debug|Any CPU.ActiveCfg = Debug|Any CPU
		{D891A303-7C61-4880-A90C-23BC37264D45}.Debug|Any CPU.Build.0 = Debug|Any CPU
		{D891A303-7C61-4880-A90C-23BC37264D45}.Debug|Mixed Platforms.ActiveCfg = Debug|Any CPU
		{D891A303-7C61-4880-A90C-23BC37264D45}.Debug|Mixed Platforms.Build.0 = Debug|Any CPU
		{D891A303-7C61-4880-A90C-23BC37264D45}.Debug|Win32.ActiveCfg = Debug|Any CPU
		{D891A303-7C61-4880-A90C-23BC37264D45}.Fields|Any CPU.ActiveCfg = Debug|Any CPU
		{D891A303-7C61-4880-A90C-23BC37264D45}.Fields|Any CPU.Build.0 = Debug|Any CPU
		{D891A303-7C61-4880-A90C-23BC37264D45}.Fields|Mixed Platforms.ActiveCfg = Debug|Any CPU
		{D891A303-7C61-4880-A90C-23BC37264D45}.Fields|Mixed Platforms.Build.0 = Debug|Any CPU
		{D891A303-7C61-4880-A90C-23BC37264D45}.Fields|Win32.ActiveCfg = Debug|Any CPU
		{D891A303-7C61-4880-A90C-23BC37264D45}.Release|Any CPU.ActiveCfg = Release|Any CPU
		{D891A303-7C61-4880-A90C-23BC37264D45}.Release|Any CPU.Build.0 = Release|Any CPU
		{D891A303-7C61-4880-A90C-23BC37264D45}.Release|Mixed Platforms.ActiveCfg = Release|Any CPU
		{D891A303-7C61-4880-A90C-23BC37264D45}.Release|Mixed Platforms.Build.0 = Release|Any CPU
		{D891A303-7C61-4880-A90C-23BC37264D45}.Release|Win32.ActiveCfg = Release|Any CPU
		{5EB63953-7E62-4179-A6ED-F7265F36D65C}.Debug|Any CPU.ActiveCfg = Debug|Any CPU
		{5EB63953-7E62-4179-A6ED-F7265F36D65C}.Debug|Any CPU.Build.0 = Debug|Any CPU
		{5EB63953-7E62-4179-A6ED-F7265F36D65C}.Debug|Mixed Platforms.ActiveCfg = Debug|Any CPU
		{5EB63953-7E62-4179-A6ED-F7265F36D65C}.Debug|Mixed Platforms.Build.0 = Debug|Any CPU
		{5EB63953-7E62-4179-A6ED-F7265F36D65C}.Debug|Win32.ActiveCfg = Debug|Any CPU
		{5EB63953-7E62-4179-A6ED-F7265F36D65C}.Fields|Any CPU.ActiveCfg = Debug|Any CPU
		{5EB63953-7E62-4179-A6ED-F7265F36D65C}.Fields|Any CPU.Build.0 = Debug|Any CPU
		{5EB63953-7E62-4179-A6ED-F7265F36D65C}.Fields|Mixed Platforms.ActiveCfg = Debug|Any CPU
		{5EB63953-7E62-4179-A6ED-F7265F36D65C}.Fields|Mixed Platforms.Build.0 = Debug|Any CPU
		{5EB63953-7E62-4179-A6ED-F7265F36D65C}.Fields|Win32.ActiveCfg = Debug|Any CPU
		{5EB63953-7E62-4179-A6ED-F7265F36D65C}.Release|Any CPU.ActiveCfg = Release|Any CPU
		{5EB63953-7E62-4179-A6ED-F7265F36D65C}.Release|Any CPU.Build.0 = Release|Any CPU
		{5EB63953-7E62-4179-A6ED-F7265F36D65C}.Release|Mixed Platforms.ActiveCfg = Release|Any CPU
		{5EB63953-7E62-4179-A6ED-F7265F36D65C}.Release|Mixed Platforms.Build.0 = Release|Any CPU
		{5EB63953-7E62-4179-A6ED-F7265F36D65C}.Release|Win32.ActiveCfg = Release|Any CPU
		{81E294DC-F71C-463A-8827-E9C6099CECB7}.Debug|Any CPU.ActiveCfg = Debug|Any CPU
		{81E294DC-F71C-463A-8827-E9C6099CECB7}.Debug|Any CPU.Build.0 = Debug|Any CPU
		{81E294DC-F71C-463A-8827-E9C6099CECB7}.Debug|Mixed Platforms.ActiveCfg = Debug|Any CPU
		{81E294DC-F71C-463A-8827-E9C6099CECB7}.Debug|Mixed Platforms.Build.0 = Debug|Any CPU
		{81E294DC-F71C-463A-8827-E9C6099CECB7}.Debug|Win32.ActiveCfg = Debug|Any CPU
		{81E294DC-F71C-463A-8827-E9C6099CECB7}.Fields|Any CPU.ActiveCfg = Debug|Any CPU
		{81E294DC-F71C-463A-8827-E9C6099CECB7}.Fields|Any CPU.Build.0 = Debug|Any CPU
		{81E294DC-F71C-463A-8827-E9C6099CECB7}.Fields|Mixed Platforms.ActiveCfg = Debug|Any CPU
		{81E294DC-F71C-463A-8827-E9C6099CECB7}.Fields|Mixed Platforms.Build.0 = Debug|Any CPU
		{81E294DC-F71C-463A-8827-E9C6099CECB7}.Fields|Win32.ActiveCfg = Debug|Any CPU
		{81E294DC-F71C-463A-8827-E9C6099CECB7}.Release|Any CPU.ActiveCfg = Release|Any CPU
		{81E294DC-F71C-463A-8827-E9C6099CECB7}.Release|Any CPU.Build.0 = Release|Any CPU
		{81E294DC-F71C-463A-8827-E9C6099CECB7}.Release|Mixed Platforms.ActiveCfg = Release|Any CPU
		{81E294DC-F71C-463A-8827-E9C6099CECB7}.Release|Mixed Platforms.Build.0 = Release|Any CPU
		{81E294DC-F71C-463A-8827-E9C6099CECB7}.Release|Win32.ActiveCfg = Release|Any CPU
		{E4B41E06-1341-4AAE-9F6B-8C0CEB7105C0}.Debug|Any CPU.ActiveCfg = Debug|Any CPU
		{E4B41E06-1341-4AAE-9F6B-8C0CEB7105C0}.Debug|Any CPU.Build.0 = Debug|Any CPU
		{E4B41E06-1341-4AAE-9F6B-8C0CEB7105C0}.Debug|Mixed Platforms.ActiveCfg = Debug|Any CPU
		{E4B41E06-1341-4AAE-9F6B-8C0CEB7105C0}.Debug|Mixed Platforms.Build.0 = Debug|Any CPU
		{E4B41E06-1341-4AAE-9F6B-8C0CEB7105C0}.Debug|Win32.ActiveCfg = Debug|Any CPU
		{E4B41E06-1341-4AAE-9F6B-8C0CEB7105C0}.Fields|Any CPU.ActiveCfg = Debug|Any CPU
		{E4B41E06-1341-4AAE-9F6B-8C0CEB7105C0}.Fields|Any CPU.Build.0 = Debug|Any CPU
		{E4B41E06-1341-4AAE-9F6B-8C0CEB7105C0}.Fields|Mixed Platforms.ActiveCfg = Debug|Any CPU
		{E4B41E06-1341-4AAE-9F6B-8C0CEB7105C0}.Fields|Mixed Platforms.Build.0 = Debug|Any CPU
		{E4B41E06-1341-4AAE-9F6B-8C0CEB7105C0}.Fields|Win32.ActiveCfg = Debug|Any CPU
		{E4B41E06-1341-4AAE-9F6B-8C0CEB7105C0}.Release|Any CPU.ActiveCfg = Release|Any CPU
		{E4B41E06-1341-4AAE-9F6B-8C0CEB7105C0}.Release|Any CPU.Build.0 = Release|Any CPU
		{E4B41E06-1341-4AAE-9F6B-8C0CEB7105C0}.Release|Mixed Platforms.ActiveCfg = Release|Any CPU
		{E4B41E06-1341-4AAE-9F6B-8C0CEB7105C0}.Release|Mixed Platforms.Build.0 = Release|Any CPU
		{E4B41E06-1341-4AAE-9F6B-8C0CEB7105C0}.Release|Win32.ActiveCfg = Release|Any CPU
		{92AE12E7-F955-4DC3-B0F2-2428EAB2B016}.Debug|Any CPU.ActiveCfg = Debug|Any CPU
		{92AE12E7-F955-4DC3-B0F2-2428EAB2B016}.Debug|Any CPU.Build.0 = Debug|Any CPU
		{92AE12E7-F955-4DC3-B0F2-2428EAB2B016}.Debug|Mixed Platforms.ActiveCfg = Debug|Any CPU
		{92AE12E7-F955-4DC3-B0F2-2428EAB2B016}.Debug|Mixed Platforms.Build.0 = Debug|Any CPU
		{92AE12E7-F955-4DC3-B0F2-2428EAB2B016}.Debug|Win32.ActiveCfg = Debug|Any CPU
		{92AE12E7-F955-4DC3-B0F2-2428EAB2B016}.Fields|Any CPU.ActiveCfg = Debug|Any CPU
		{92AE12E7-F955-4DC3-B0F2-2428EAB2B016}.Fields|Any CPU.Build.0 = Debug|Any CPU
		{92AE12E7-F955-4DC3-B0F2-2428EAB2B016}.Fields|Mixed Platforms.ActiveCfg = Debug|Any CPU
		{92AE12E7-F955-4DC3-B0F2-2428EAB2B016}.Fields|Mixed Platforms.Build.0 = Debug|Any CPU
		{92AE12E7-F955-4DC3-B0F2-2428EAB2B016}.Fields|Win32.ActiveCfg = Debug|Any CPU
		{92AE12E7-F955-4DC3-B0F2-2428EAB2B016}.Release|Any CPU.ActiveCfg = Release|Any CPU
		{92AE12E7-F955-4DC3-B0F2-2428EAB2B016}.Release|Any CPU.Build.0 = Release|Any CPU
		{92AE12E7-F955-4DC3-B0F2-2428EAB2B016}.Release|Mixed Platforms.ActiveCfg = Release|Any CPU
		{92AE12E7-F955-4DC3-B0F2-2428EAB2B016}.Release|Mixed Platforms.Build.0 = Release|Any CPU
		{92AE12E7-F955-4DC3-B0F2-2428EAB2B016}.Release|Win32.ActiveCfg = Release|Any CPU
		{BB2FACA7-9C21-4941-99C5-01FD2F488DF8}.Debug|Any CPU.ActiveCfg = Debug|Any CPU
		{BB2FACA7-9C21-4941-99C5-01FD2F488DF8}.Debug|Any CPU.Build.0 = Debug|Any CPU
		{BB2FACA7-9C21-4941-99C5-01FD2F488DF8}.Debug|Mixed Platforms.ActiveCfg = Debug|Any CPU
		{BB2FACA7-9C21-4941-99C5-01FD2F488DF8}.Debug|Mixed Platforms.Build.0 = Debug|Any CPU
		{BB2FACA7-9C21-4941-99C5-01FD2F488DF8}.Debug|Win32.ActiveCfg = Debug|Any CPU
		{BB2FACA7-9C21-4941-99C5-01FD2F488DF8}.Fields|Any CPU.ActiveCfg = Debug|Any CPU
		{BB2FACA7-9C21-4941-99C5-01FD2F488DF8}.Fields|Any CPU.Build.0 = Debug|Any CPU
		{BB2FACA7-9C21-4941-99C5-01FD2F488DF8}.Fields|Mixed Platforms.ActiveCfg = Debug|Any CPU
		{BB2FACA7-9C21-4941-99C5-01FD2F488DF8}.Fields|Mixed Platforms.Build.0 = Debug|Any CPU
		{BB2FACA7-9C21-4941-99C5-01FD2F488DF8}.Fields|Win32.ActiveCfg = Debug|Any CPU
		{BB2FACA7-9C21-4941-99C5-01FD2F488DF8}.Release|Any CPU.ActiveCfg = Release|Any CPU
		{BB2FACA7-9C21-4941-99C5-01FD2F488DF8}.Release|Any CPU.Build.0 = Release|Any CPU
		{BB2FACA7-9C21-4941-99C5-01FD2F488DF8}.Release|Mixed Platforms.ActiveCfg = Release|Any CPU
		{BB2FACA7-9C21-4941-99C5-01FD2F488DF8}.Release|Mixed Platforms.Build.0 = Release|Any CPU
		{BB2FACA7-9C21-4941-99C5-01FD2F488DF8}.Release|Win32.ActiveCfg = Release|Any CPU
		{E71EFF2E-A50B-4F59-B94B-3C0666ABF75D}.Debug|Any CPU.ActiveCfg = Debug|Any CPU
		{E71EFF2E-A50B-4F59-B94B-3C0666ABF75D}.Debug|Any CPU.Build.0 = Debug|Any CPU
		{E71EFF2E-A50B-4F59-B94B-3C0666ABF75D}.Debug|Mixed Platforms.ActiveCfg = Debug|Any CPU
		{E71EFF2E-A50B-4F59-B94B-3C0666ABF75D}.Debug|Mixed Platforms.Build.0 = Debug|Any CPU
		{E71EFF2E-A50B-4F59-B94B-3C0666ABF75D}.Debug|Win32.ActiveCfg = Debug|Any CPU
		{E71EFF2E-A50B-4F59-B94B-3C0666ABF75D}.Fields|Any CPU.ActiveCfg = Debug|Any CPU
		{E71EFF2E-A50B-4F59-B94B-3C0666ABF75D}.Fields|Any CPU.Build.0 = Debug|Any CPU
		{E71EFF2E-A50B-4F59-B94B-3C0666ABF75D}.Fields|Mixed Platforms.ActiveCfg = Debug|Any CPU
		{E71EFF2E-A50B-4F59-B94B-3C0666ABF75D}.Fields|Mixed Platforms.Build.0 = Debug|Any CPU
		{E71EFF2E-A50B-4F59-B94B-3C0666ABF75D}.Fields|Win32.ActiveCfg = Debug|Any CPU
		{E71EFF2E-A50B-4F59-B94B-3C0666ABF75D}.Release|Any CPU.ActiveCfg = Release|Any CPU
		{E71EFF2E-A50B-4F59-B94B-3C0666ABF75D}.Release|Any CPU.Build.0 = Release|Any CPU
		{E71EFF2E-A50B-4F59-B94B-3C0666ABF75D}.Release|Mixed Platforms.ActiveCfg = Release|Any CPU
		{E71EFF2E-A50B-4F59-B94B-3C0666ABF75D}.Release|Mixed Platforms.Build.0 = Release|Any CPU
		{E71EFF2E-A50B-4F59-B94B-3C0666ABF75D}.Release|Win32.ActiveCfg = Release|Any CPU
		{45E4032C-78E1-41DD-8E51-1CC5AD2AEE02}.Debug|Any CPU.ActiveCfg = Debug|Any CPU
		{45E4032C-78E1-41DD-8E51-1CC5AD2AEE02}.Debug|Any CPU.Build.0 = Debug|Any CPU
		{45E4032C-78E1-41DD-8E51-1CC5AD2AEE02}.Debug|Mixed Platforms.ActiveCfg = Debug|Any CPU
		{45E4032C-78E1-41DD-8E51-1CC5AD2AEE02}.Debug|Mixed Platforms.Build.0 = Debug|Any CPU
		{45E4032C-78E1-41DD-8E51-1CC5AD2AEE02}.Debug|Win32.ActiveCfg = Debug|Any CPU
		{45E4032C-78E1-41DD-8E51-1CC5AD2AEE02}.Fields|Any CPU.ActiveCfg = Debug|Any CPU
		{45E4032C-78E1-41DD-8E51-1CC5AD2AEE02}.Fields|Any CPU.Build.0 = Debug|Any CPU
		{45E4032C-78E1-41DD-8E51-1CC5AD2AEE02}.Fields|Mixed Platforms.ActiveCfg = Debug|Any CPU
		{45E4032C-78E1-41DD-8E51-1CC5AD2AEE02}.Fields|Mixed Platforms.Build.0 = Debug|Any CPU
		{45E4032C-78E1-41DD-8E51-1CC5AD2AEE02}.Fields|Win32.ActiveCfg = Debug|Any CPU
		{45E4032C-78E1-41DD-8E51-1CC5AD2AEE02}.Release|Any CPU.ActiveCfg = Release|Any CPU
		{45E4032C-78E1-41DD-8E51-1CC5AD2AEE02}.Release|Any CPU.Build.0 = Release|Any CPU
		{45E4032C-78E1-41DD-8E51-1CC5AD2AEE02}.Release|Mixed Platforms.ActiveCfg = Release|Any CPU
		{45E4032C-78E1-41DD-8E51-1CC5AD2AEE02}.Release|Mixed Platforms.Build.0 = Release|Any CPU
		{45E4032C-78E1-41DD-8E51-1CC5AD2AEE02}.Release|Win32.ActiveCfg = Release|Any CPU
		{BC61F8E8-D536-49FC-A1B4-11AD57B9B3FF}.Debug|Any CPU.ActiveCfg = Debug|Any CPU
		{BC61F8E8-D536-49FC-A1B4-11AD57B9B3FF}.Debug|Any CPU.Build.0 = Debug|Any CPU
		{BC61F8E8-D536-49FC-A1B4-11AD57B9B3FF}.Debug|Mixed Platforms.ActiveCfg = Debug|Any CPU
		{BC61F8E8-D536-49FC-A1B4-11AD57B9B3FF}.Debug|Mixed Platforms.Build.0 = Debug|Any CPU
		{BC61F8E8-D536-49FC-A1B4-11AD57B9B3FF}.Debug|Win32.ActiveCfg = Debug|Any CPU
		{BC61F8E8-D536-49FC-A1B4-11AD57B9B3FF}.Fields|Any CPU.ActiveCfg = Debug|Any CPU
		{BC61F8E8-D536-49FC-A1B4-11AD57B9B3FF}.Fields|Any CPU.Build.0 = Debug|Any CPU
		{BC61F8E8-D536-49FC-A1B4-11AD57B9B3FF}.Fields|Mixed Platforms.ActiveCfg = Debug|Any CPU
		{BC61F8E8-D536-49FC-A1B4-11AD57B9B3FF}.Fields|Mixed Platforms.Build.0 = Debug|Any CPU
		{BC61F8E8-D536-49FC-A1B4-11AD57B9B3FF}.Fields|Win32.ActiveCfg = Debug|Any CPU
		{BC61F8E8-D536-49FC-A1B4-11AD57B9B3FF}.Release|Any CPU.ActiveCfg = Release|Any CPU
		{BC61F8E8-D536-49FC-A1B4-11AD57B9B3FF}.Release|Any CPU.Build.0 = Release|Any CPU
		{BC61F8E8-D536-49FC-A1B4-11AD57B9B3FF}.Release|Mixed Platforms.ActiveCfg = Release|Any CPU
		{BC61F8E8-D536-49FC-A1B4-11AD57B9B3FF}.Release|Mixed Platforms.Build.0 = Release|Any CPU
		{BC61F8E8-D536-49FC-A1B4-11AD57B9B3FF}.Release|Win32.ActiveCfg = Release|Any CPU
		{ADAD1274-18F2-4E45-85B6-792CE91A2D2D}.Debug|Any CPU.ActiveCfg = Debug|Any CPU
		{ADAD1274-18F2-4E45-85B6-792CE91A2D2D}.Debug|Any CPU.Build.0 = Debug|Any CPU
		{ADAD1274-18F2-4E45-85B6-792CE91A2D2D}.Debug|Mixed Platforms.ActiveCfg = Debug|Any CPU
		{ADAD1274-18F2-4E45-85B6-792CE91A2D2D}.Debug|Mixed Platforms.Build.0 = Debug|Any CPU
		{ADAD1274-18F2-4E45-85B6-792CE91A2D2D}.Debug|Win32.ActiveCfg = Debug|Any CPU
		{ADAD1274-18F2-4E45-85B6-792CE91A2D2D}.Fields|Any CPU.ActiveCfg = Debug|Any CPU
		{ADAD1274-18F2-4E45-85B6-792CE91A2D2D}.Fields|Any CPU.Build.0 = Debug|Any CPU
		{ADAD1274-18F2-4E45-85B6-792CE91A2D2D}.Fields|Mixed Platforms.ActiveCfg = Debug|Any CPU
		{ADAD1274-18F2-4E45-85B6-792CE91A2D2D}.Fields|Mixed Platforms.Build.0 = Debug|Any CPU
		{ADAD1274-18F2-4E45-85B6-792CE91A2D2D}.Fields|Win32.ActiveCfg = Debug|Any CPU
		{ADAD1274-18F2-4E45-85B6-792CE91A2D2D}.Release|Any CPU.ActiveCfg = Release|Any CPU
		{ADAD1274-18F2-4E45-85B6-792CE91A2D2D}.Release|Any CPU.Build.0 = Release|Any CPU
		{ADAD1274-18F2-4E45-85B6-792CE91A2D2D}.Release|Mixed Platforms.ActiveCfg = Release|Any CPU
		{ADAD1274-18F2-4E45-85B6-792CE91A2D2D}.Release|Mixed Platforms.Build.0 = Release|Any CPU
		{ADAD1274-18F2-4E45-85B6-792CE91A2D2D}.Release|Win32.ActiveCfg = Release|Any CPU
		{65B9537D-2E7B-424A-9EBB-8E85FEB65F6F}.Debug|Any CPU.ActiveCfg = Debug|Any CPU
		{65B9537D-2E7B-424A-9EBB-8E85FEB65F6F}.Debug|Any CPU.Build.0 = Debug|Any CPU
		{65B9537D-2E7B-424A-9EBB-8E85FEB65F6F}.Debug|Mixed Platforms.ActiveCfg = Debug|Any CPU
		{65B9537D-2E7B-424A-9EBB-8E85FEB65F6F}.Debug|Mixed Platforms.Build.0 = Debug|Any CPU
		{65B9537D-2E7B-424A-9EBB-8E85FEB65F6F}.Debug|Win32.ActiveCfg = Debug|Any CPU
		{65B9537D-2E7B-424A-9EBB-8E85FEB65F6F}.Fields|Any CPU.ActiveCfg = Debug|Any CPU
		{65B9537D-2E7B-424A-9EBB-8E85FEB65F6F}.Fields|Any CPU.Build.0 = Debug|Any CPU
		{65B9537D-2E7B-424A-9EBB-8E85FEB65F6F}.Fields|Mixed Platforms.ActiveCfg = Debug|Any CPU
		{65B9537D-2E7B-424A-9EBB-8E85FEB65F6F}.Fields|Mixed Platforms.Build.0 = Debug|Any CPU
		{65B9537D-2E7B-424A-9EBB-8E85FEB65F6F}.Fields|Win32.ActiveCfg = Debug|Any CPU
		{65B9537D-2E7B-424A-9EBB-8E85FEB65F6F}.Release|Any CPU.ActiveCfg = Release|Any CPU
		{65B9537D-2E7B-424A-9EBB-8E85FEB65F6F}.Release|Any CPU.Build.0 = Release|Any CPU
		{65B9537D-2E7B-424A-9EBB-8E85FEB65F6F}.Release|Mixed Platforms.ActiveCfg = Release|Any CPU
		{65B9537D-2E7B-424A-9EBB-8E85FEB65F6F}.Release|Mixed Platforms.Build.0 = Release|Any CPU
		{65B9537D-2E7B-424A-9EBB-8E85FEB65F6F}.Release|Win32.ActiveCfg = Release|Any CPU
		{2962BDD2-D939-4059-BC89-EAC4E83A24AA}.Debug|Any CPU.ActiveCfg = Debug|Any CPU
		{2962BDD2-D939-4059-BC89-EAC4E83A24AA}.Debug|Any CPU.Build.0 = Debug|Any CPU
		{2962BDD2-D939-4059-BC89-EAC4E83A24AA}.Debug|Mixed Platforms.ActiveCfg = Debug|Any CPU
		{2962BDD2-D939-4059-BC89-EAC4E83A24AA}.Debug|Mixed Platforms.Build.0 = Debug|Any CPU
		{2962BDD2-D939-4059-BC89-EAC4E83A24AA}.Debug|Win32.ActiveCfg = Debug|Any CPU
		{2962BDD2-D939-4059-BC89-EAC4E83A24AA}.Fields|Any CPU.ActiveCfg = Debug|Any CPU
		{2962BDD2-D939-4059-BC89-EAC4E83A24AA}.Fields|Any CPU.Build.0 = Debug|Any CPU
		{2962BDD2-D939-4059-BC89-EAC4E83A24AA}.Fields|Mixed Platforms.ActiveCfg = Debug|Any CPU
		{2962BDD2-D939-4059-BC89-EAC4E83A24AA}.Fields|Mixed Platforms.Build.0 = Debug|Any CPU
		{2962BDD2-D939-4059-BC89-EAC4E83A24AA}.Fields|Win32.ActiveCfg = Debug|Any CPU
		{2962BDD2-D939-4059-BC89-EAC4E83A24AA}.Release|Any CPU.ActiveCfg = Release|Any CPU
		{2962BDD2-D939-4059-BC89-EAC4E83A24AA}.Release|Any CPU.Build.0 = Release|Any CPU
		{2962BDD2-D939-4059-BC89-EAC4E83A24AA}.Release|Mixed Platforms.ActiveCfg = Release|Any CPU
		{2962BDD2-D939-4059-BC89-EAC4E83A24AA}.Release|Mixed Platforms.Build.0 = Release|Any CPU
		{2962BDD2-D939-4059-BC89-EAC4E83A24AA}.Release|Win32.ActiveCfg = Release|Any CPU
		{0CEC3863-CFB1-44D5-A9DA-9D860EF6F113}.Debug|Any CPU.ActiveCfg = Debug|Any CPU
		{0CEC3863-CFB1-44D5-A9DA-9D860EF6F113}.Debug|Any CPU.Build.0 = Debug|Any CPU
		{0CEC3863-CFB1-44D5-A9DA-9D860EF6F113}.Debug|Mixed Platforms.ActiveCfg = Debug|Any CPU
		{0CEC3863-CFB1-44D5-A9DA-9D860EF6F113}.Debug|Mixed Platforms.Build.0 = Debug|Any CPU
		{0CEC3863-CFB1-44D5-A9DA-9D860EF6F113}.Debug|Win32.ActiveCfg = Debug|Any CPU
		{0CEC3863-CFB1-44D5-A9DA-9D860EF6F113}.Fields|Any CPU.ActiveCfg = Debug|Any CPU
		{0CEC3863-CFB1-44D5-A9DA-9D860EF6F113}.Fields|Any CPU.Build.0 = Debug|Any CPU
		{0CEC3863-CFB1-44D5-A9DA-9D860EF6F113}.Fields|Mixed Platforms.ActiveCfg = Debug|Any CPU
		{0CEC3863-CFB1-44D5-A9DA-9D860EF6F113}.Fields|Mixed Platforms.Build.0 = Debug|Any CPU
		{0CEC3863-CFB1-44D5-A9DA-9D860EF6F113}.Fields|Win32.ActiveCfg = Debug|Any CPU
		{0CEC3863-CFB1-44D5-A9DA-9D860EF6F113}.Release|Any CPU.ActiveCfg = Release|Any CPU
		{0CEC3863-CFB1-44D5-A9DA-9D860EF6F113}.Release|Any CPU.Build.0 = Release|Any CPU
		{0CEC3863-CFB1-44D5-A9DA-9D860EF6F113}.Release|Mixed Platforms.ActiveCfg = Release|Any CPU
		{0CEC3863-CFB1-44D5-A9DA-9D860EF6F113}.Release|Mixed Platforms.Build.0 = Release|Any CPU
		{0CEC3863-CFB1-44D5-A9DA-9D860EF6F113}.Release|Win32.ActiveCfg = Release|Any CPU
		{510BF771-C6F2-4A5E-B82B-2ACDC5E8E636}.Debug|Any CPU.ActiveCfg = Debug|Any CPU
		{510BF771-C6F2-4A5E-B82B-2ACDC5E8E636}.Debug|Any CPU.Build.0 = Debug|Any CPU
		{510BF771-C6F2-4A5E-B82B-2ACDC5E8E636}.Debug|Mixed Platforms.ActiveCfg = Debug|Any CPU
		{510BF771-C6F2-4A5E-B82B-2ACDC5E8E636}.Debug|Mixed Platforms.Build.0 = Debug|Any CPU
		{510BF771-C6F2-4A5E-B82B-2ACDC5E8E636}.Debug|Win32.ActiveCfg = Debug|Any CPU
		{510BF771-C6F2-4A5E-B82B-2ACDC5E8E636}.Debug|Win32.Build.0 = Debug|Any CPU
		{510BF771-C6F2-4A5E-B82B-2ACDC5E8E636}.Fields|Any CPU.ActiveCfg = Debug|Any CPU
		{510BF771-C6F2-4A5E-B82B-2ACDC5E8E636}.Fields|Any CPU.Build.0 = Debug|Any CPU
		{510BF771-C6F2-4A5E-B82B-2ACDC5E8E636}.Fields|Mixed Platforms.ActiveCfg = Debug|Any CPU
		{510BF771-C6F2-4A5E-B82B-2ACDC5E8E636}.Fields|Mixed Platforms.Build.0 = Debug|Any CPU
		{510BF771-C6F2-4A5E-B82B-2ACDC5E8E636}.Fields|Win32.ActiveCfg = Debug|Any CPU
		{510BF771-C6F2-4A5E-B82B-2ACDC5E8E636}.Fields|Win32.Build.0 = Debug|Any CPU
		{510BF771-C6F2-4A5E-B82B-2ACDC5E8E636}.Release|Any CPU.ActiveCfg = Release|Any CPU
		{510BF771-C6F2-4A5E-B82B-2ACDC5E8E636}.Release|Any CPU.Build.0 = Release|Any CPU
		{510BF771-C6F2-4A5E-B82B-2ACDC5E8E636}.Release|Mixed Platforms.ActiveCfg = Release|Any CPU
		{510BF771-C6F2-4A5E-B82B-2ACDC5E8E636}.Release|Mixed Platforms.Build.0 = Release|Any CPU
		{510BF771-C6F2-4A5E-B82B-2ACDC5E8E636}.Release|Win32.ActiveCfg = Release|Any CPU
		{510BF771-C6F2-4A5E-B82B-2ACDC5E8E636}.Release|Win32.Build.0 = Release|Any CPU
		{40452223-3A34-4841-9A69-E0B6640B4108}.Debug|Any CPU.ActiveCfg = Debug|Any CPU
		{40452223-3A34-4841-9A69-E0B6640B4108}.Debug|Any CPU.Build.0 = Debug|Any CPU
		{40452223-3A34-4841-9A69-E0B6640B4108}.Debug|Mixed Platforms.ActiveCfg = Debug|Any CPU
		{40452223-3A34-4841-9A69-E0B6640B4108}.Debug|Mixed Platforms.Build.0 = Debug|Any CPU
		{40452223-3A34-4841-9A69-E0B6640B4108}.Debug|Win32.ActiveCfg = Debug|Any CPU
		{40452223-3A34-4841-9A69-E0B6640B4108}.Debug|Win32.Build.0 = Debug|Any CPU
		{40452223-3A34-4841-9A69-E0B6640B4108}.Fields|Any CPU.ActiveCfg = Debug|Any CPU
		{40452223-3A34-4841-9A69-E0B6640B4108}.Fields|Any CPU.Build.0 = Debug|Any CPU
		{40452223-3A34-4841-9A69-E0B6640B4108}.Fields|Mixed Platforms.ActiveCfg = Debug|Any CPU
		{40452223-3A34-4841-9A69-E0B6640B4108}.Fields|Mixed Platforms.Build.0 = Debug|Any CPU
		{40452223-3A34-4841-9A69-E0B6640B4108}.Fields|Win32.ActiveCfg = Debug|Any CPU
		{40452223-3A34-4841-9A69-E0B6640B4108}.Fields|Win32.Build.0 = Debug|Any CPU
		{40452223-3A34-4841-9A69-E0B6640B4108}.Release|Any CPU.ActiveCfg = Release|Any CPU
		{40452223-3A34-4841-9A69-E0B6640B4108}.Release|Any CPU.Build.0 = Release|Any CPU
		{40452223-3A34-4841-9A69-E0B6640B4108}.Release|Mixed Platforms.ActiveCfg = Release|Any CPU
		{40452223-3A34-4841-9A69-E0B6640B4108}.Release|Mixed Platforms.Build.0 = Release|Any CPU
		{40452223-3A34-4841-9A69-E0B6640B4108}.Release|Win32.ActiveCfg = Release|Any CPU
		{40452223-3A34-4841-9A69-E0B6640B4108}.Release|Win32.Build.0 = Release|Any CPU
		{BC01695D-D3C6-4569-A032-FDDEAA77260D}.Debug|Any CPU.ActiveCfg = Debug|Any CPU
		{BC01695D-D3C6-4569-A032-FDDEAA77260D}.Debug|Any CPU.Build.0 = Debug|Any CPU
		{BC01695D-D3C6-4569-A032-FDDEAA77260D}.Debug|Mixed Platforms.ActiveCfg = Debug|Any CPU
		{BC01695D-D3C6-4569-A032-FDDEAA77260D}.Debug|Mixed Platforms.Build.0 = Debug|Any CPU
		{BC01695D-D3C6-4569-A032-FDDEAA77260D}.Debug|Win32.ActiveCfg = Debug|Any CPU
		{BC01695D-D3C6-4569-A032-FDDEAA77260D}.Debug|Win32.Build.0 = Debug|Any CPU
		{BC01695D-D3C6-4569-A032-FDDEAA77260D}.Fields|Any CPU.ActiveCfg = Debug|Any CPU
		{BC01695D-D3C6-4569-A032-FDDEAA77260D}.Fields|Any CPU.Build.0 = Debug|Any CPU
		{BC01695D-D3C6-4569-A032-FDDEAA77260D}.Fields|Mixed Platforms.ActiveCfg = Debug|Any CPU
		{BC01695D-D3C6-4569-A032-FDDEAA77260D}.Fields|Mixed Platforms.Build.0 = Debug|Any CPU
		{BC01695D-D3C6-4569-A032-FDDEAA77260D}.Fields|Win32.ActiveCfg = Debug|Any CPU
		{BC01695D-D3C6-4569-A032-FDDEAA77260D}.Fields|Win32.Build.0 = Debug|Any CPU
		{BC01695D-D3C6-4569-A032-FDDEAA77260D}.Release|Any CPU.ActiveCfg = Release|Any CPU
		{BC01695D-D3C6-4569-A032-FDDEAA77260D}.Release|Any CPU.Build.0 = Release|Any CPU
		{BC01695D-D3C6-4569-A032-FDDEAA77260D}.Release|Mixed Platforms.ActiveCfg = Release|Any CPU
		{BC01695D-D3C6-4569-A032-FDDEAA77260D}.Release|Mixed Platforms.Build.0 = Release|Any CPU
		{BC01695D-D3C6-4569-A032-FDDEAA77260D}.Release|Win32.ActiveCfg = Release|Any CPU
		{BC01695D-D3C6-4569-A032-FDDEAA77260D}.Release|Win32.Build.0 = Release|Any CPU
		{1EF40513-916C-4D19-96A8-0DDC8D400EB7}.Debug|Any CPU.ActiveCfg = Debug|Any CPU
		{1EF40513-916C-4D19-96A8-0DDC8D400EB7}.Debug|Any CPU.Build.0 = Debug|Any CPU
		{1EF40513-916C-4D19-96A8-0DDC8D400EB7}.Debug|Mixed Platforms.ActiveCfg = Debug|Any CPU
		{1EF40513-916C-4D19-96A8-0DDC8D400EB7}.Debug|Mixed Platforms.Build.0 = Debug|Any CPU
		{1EF40513-916C-4D19-96A8-0DDC8D400EB7}.Debug|Win32.ActiveCfg = Debug|Any CPU
		{1EF40513-916C-4D19-96A8-0DDC8D400EB7}.Debug|Win32.Build.0 = Debug|Any CPU
		{1EF40513-916C-4D19-96A8-0DDC8D400EB7}.Fields|Any CPU.ActiveCfg = Debug|Any CPU
		{1EF40513-916C-4D19-96A8-0DDC8D400EB7}.Fields|Any CPU.Build.0 = Debug|Any CPU
		{1EF40513-916C-4D19-96A8-0DDC8D400EB7}.Fields|Mixed Platforms.ActiveCfg = Debug|Any CPU
		{1EF40513-916C-4D19-96A8-0DDC8D400EB7}.Fields|Mixed Platforms.Build.0 = Debug|Any CPU
		{1EF40513-916C-4D19-96A8-0DDC8D400EB7}.Fields|Win32.ActiveCfg = Debug|Any CPU
		{1EF40513-916C-4D19-96A8-0DDC8D400EB7}.Fields|Win32.Build.0 = Debug|Any CPU
		{1EF40513-916C-4D19-96A8-0DDC8D400EB7}.Release|Any CPU.ActiveCfg = Release|Any CPU
		{1EF40513-916C-4D19-96A8-0DDC8D400EB7}.Release|Any CPU.Build.0 = Release|Any CPU
		{1EF40513-916C-4D19-96A8-0DDC8D400EB7}.Release|Mixed Platforms.ActiveCfg = Release|Any CPU
		{1EF40513-916C-4D19-96A8-0DDC8D400EB7}.Release|Mixed Platforms.Build.0 = Release|Any CPU
		{1EF40513-916C-4D19-96A8-0DDC8D400EB7}.Release|Win32.ActiveCfg = Release|Any CPU
		{1EF40513-916C-4D19-96A8-0DDC8D400EB7}.Release|Win32.Build.0 = Release|Any CPU
		{881289CA-9C45-4F2B-B7AC-509C0EBAAA7B}.Debug|Any CPU.ActiveCfg = Debug|Any CPU
		{881289CA-9C45-4F2B-B7AC-509C0EBAAA7B}.Debug|Any CPU.Build.0 = Debug|Any CPU
		{881289CA-9C45-4F2B-B7AC-509C0EBAAA7B}.Debug|Mixed Platforms.ActiveCfg = Debug|Any CPU
		{881289CA-9C45-4F2B-B7AC-509C0EBAAA7B}.Debug|Mixed Platforms.Build.0 = Debug|Any CPU
		{881289CA-9C45-4F2B-B7AC-509C0EBAAA7B}.Debug|Win32.ActiveCfg = Debug|Any CPU
		{881289CA-9C45-4F2B-B7AC-509C0EBAAA7B}.Debug|Win32.Build.0 = Debug|Any CPU
		{881289CA-9C45-4F2B-B7AC-509C0EBAAA7B}.Fields|Any CPU.ActiveCfg = Debug|Any CPU
		{881289CA-9C45-4F2B-B7AC-509C0EBAAA7B}.Fields|Any CPU.Build.0 = Debug|Any CPU
		{881289CA-9C45-4F2B-B7AC-509C0EBAAA7B}.Fields|Mixed Platforms.ActiveCfg = Debug|Any CPU
		{881289CA-9C45-4F2B-B7AC-509C0EBAAA7B}.Fields|Mixed Platforms.Build.0 = Debug|Any CPU
		{881289CA-9C45-4F2B-B7AC-509C0EBAAA7B}.Fields|Win32.ActiveCfg = Debug|Any CPU
		{881289CA-9C45-4F2B-B7AC-509C0EBAAA7B}.Fields|Win32.Build.0 = Debug|Any CPU
		{881289CA-9C45-4F2B-B7AC-509C0EBAAA7B}.Release|Any CPU.ActiveCfg = Release|Any CPU
		{881289CA-9C45-4F2B-B7AC-509C0EBAAA7B}.Release|Any CPU.Build.0 = Release|Any CPU
		{881289CA-9C45-4F2B-B7AC-509C0EBAAA7B}.Release|Mixed Platforms.ActiveCfg = Release|Any CPU
		{881289CA-9C45-4F2B-B7AC-509C0EBAAA7B}.Release|Mixed Platforms.Build.0 = Release|Any CPU
		{881289CA-9C45-4F2B-B7AC-509C0EBAAA7B}.Release|Win32.ActiveCfg = Release|Any CPU
		{881289CA-9C45-4F2B-B7AC-509C0EBAAA7B}.Release|Win32.Build.0 = Release|Any CPU
		{ACDE265A-91E8-47F0-89F4-D22A45700A82}.Debug|Any CPU.ActiveCfg = Debug|Any CPU
		{ACDE265A-91E8-47F0-89F4-D22A45700A82}.Debug|Any CPU.Build.0 = Debug|Any CPU
		{ACDE265A-91E8-47F0-89F4-D22A45700A82}.Debug|Mixed Platforms.ActiveCfg = Debug|Any CPU
		{ACDE265A-91E8-47F0-89F4-D22A45700A82}.Debug|Mixed Platforms.Build.0 = Debug|Any CPU
		{ACDE265A-91E8-47F0-89F4-D22A45700A82}.Debug|Win32.ActiveCfg = Debug|Any CPU
		{ACDE265A-91E8-47F0-89F4-D22A45700A82}.Debug|Win32.Build.0 = Debug|Any CPU
		{ACDE265A-91E8-47F0-89F4-D22A45700A82}.Fields|Any CPU.ActiveCfg = Debug|Any CPU
		{ACDE265A-91E8-47F0-89F4-D22A45700A82}.Fields|Any CPU.Build.0 = Debug|Any CPU
		{ACDE265A-91E8-47F0-89F4-D22A45700A82}.Fields|Mixed Platforms.ActiveCfg = Debug|Any CPU
		{ACDE265A-91E8-47F0-89F4-D22A45700A82}.Fields|Mixed Platforms.Build.0 = Debug|Any CPU
		{ACDE265A-91E8-47F0-89F4-D22A45700A82}.Fields|Win32.ActiveCfg = Debug|Any CPU
		{ACDE265A-91E8-47F0-89F4-D22A45700A82}.Fields|Win32.Build.0 = Debug|Any CPU
		{ACDE265A-91E8-47F0-89F4-D22A45700A82}.Release|Any CPU.ActiveCfg = Release|Any CPU
		{ACDE265A-91E8-47F0-89F4-D22A45700A82}.Release|Any CPU.Build.0 = Release|Any CPU
		{ACDE265A-91E8-47F0-89F4-D22A45700A82}.Release|Mixed Platforms.ActiveCfg = Release|Any CPU
		{ACDE265A-91E8-47F0-89F4-D22A45700A82}.Release|Mixed Platforms.Build.0 = Release|Any CPU
		{ACDE265A-91E8-47F0-89F4-D22A45700A82}.Release|Win32.ActiveCfg = Release|Any CPU
		{ACDE265A-91E8-47F0-89F4-D22A45700A82}.Release|Win32.Build.0 = Release|Any CPU
		{B3A51630-DECC-451F-ADE9-CE91BE66E00D}.Debug|Any CPU.ActiveCfg = Debug|Any CPU
		{B3A51630-DECC-451F-ADE9-CE91BE66E00D}.Debug|Any CPU.Build.0 = Debug|Any CPU
		{B3A51630-DECC-451F-ADE9-CE91BE66E00D}.Debug|Mixed Platforms.ActiveCfg = Debug|Any CPU
		{B3A51630-DECC-451F-ADE9-CE91BE66E00D}.Debug|Mixed Platforms.Build.0 = Debug|Any CPU
		{B3A51630-DECC-451F-ADE9-CE91BE66E00D}.Debug|Win32.ActiveCfg = Debug|Any CPU
		{B3A51630-DECC-451F-ADE9-CE91BE66E00D}.Debug|Win32.Build.0 = Debug|Any CPU
		{B3A51630-DECC-451F-ADE9-CE91BE66E00D}.Fields|Any CPU.ActiveCfg = Debug|Any CPU
		{B3A51630-DECC-451F-ADE9-CE91BE66E00D}.Fields|Any CPU.Build.0 = Debug|Any CPU
		{B3A51630-DECC-451F-ADE9-CE91BE66E00D}.Fields|Mixed Platforms.ActiveCfg = Debug|Any CPU
		{B3A51630-DECC-451F-ADE9-CE91BE66E00D}.Fields|Mixed Platforms.Build.0 = Debug|Any CPU
		{B3A51630-DECC-451F-ADE9-CE91BE66E00D}.Fields|Win32.ActiveCfg = Debug|Any CPU
		{B3A51630-DECC-451F-ADE9-CE91BE66E00D}.Fields|Win32.Build.0 = Debug|Any CPU
		{B3A51630-DECC-451F-ADE9-CE91BE66E00D}.Release|Any CPU.ActiveCfg = Release|Any CPU
		{B3A51630-DECC-451F-ADE9-CE91BE66E00D}.Release|Any CPU.Build.0 = Release|Any CPU
		{B3A51630-DECC-451F-ADE9-CE91BE66E00D}.Release|Mixed Platforms.ActiveCfg = Release|Any CPU
		{B3A51630-DECC-451F-ADE9-CE91BE66E00D}.Release|Mixed Platforms.Build.0 = Release|Any CPU
		{B3A51630-DECC-451F-ADE9-CE91BE66E00D}.Release|Win32.ActiveCfg = Release|Any CPU
		{B3A51630-DECC-451F-ADE9-CE91BE66E00D}.Release|Win32.Build.0 = Release|Any CPU
		{A3D32461-E09E-4F96-96B6-3B58835365D8}.Debug|Any CPU.ActiveCfg = Debug|Any CPU
		{A3D32461-E09E-4F96-96B6-3B58835365D8}.Debug|Any CPU.Build.0 = Debug|Any CPU
		{A3D32461-E09E-4F96-96B6-3B58835365D8}.Debug|Mixed Platforms.ActiveCfg = Debug|Any CPU
		{A3D32461-E09E-4F96-96B6-3B58835365D8}.Debug|Mixed Platforms.Build.0 = Debug|Any CPU
		{A3D32461-E09E-4F96-96B6-3B58835365D8}.Debug|Win32.ActiveCfg = Debug|Any CPU
		{A3D32461-E09E-4F96-96B6-3B58835365D8}.Debug|Win32.Build.0 = Debug|Any CPU
		{A3D32461-E09E-4F96-96B6-3B58835365D8}.Fields|Any CPU.ActiveCfg = Debug|Any CPU
		{A3D32461-E09E-4F96-96B6-3B58835365D8}.Fields|Any CPU.Build.0 = Debug|Any CPU
		{A3D32461-E09E-4F96-96B6-3B58835365D8}.Fields|Mixed Platforms.ActiveCfg = Debug|Any CPU
		{A3D32461-E09E-4F96-96B6-3B58835365D8}.Fields|Mixed Platforms.Build.0 = Debug|Any CPU
		{A3D32461-E09E-4F96-96B6-3B58835365D8}.Fields|Win32.ActiveCfg = Debug|Any CPU
		{A3D32461-E09E-4F96-96B6-3B58835365D8}.Fields|Win32.Build.0 = Debug|Any CPU
		{A3D32461-E09E-4F96-96B6-3B58835365D8}.Release|Any CPU.ActiveCfg = Release|Any CPU
		{A3D32461-E09E-4F96-96B6-3B58835365D8}.Release|Any CPU.Build.0 = Release|Any CPU
		{A3D32461-E09E-4F96-96B6-3B58835365D8}.Release|Mixed Platforms.ActiveCfg = Release|Any CPU
		{A3D32461-E09E-4F96-96B6-3B58835365D8}.Release|Mixed Platforms.Build.0 = Release|Any CPU
		{A3D32461-E09E-4F96-96B6-3B58835365D8}.Release|Win32.ActiveCfg = Release|Any CPU
		{A3D32461-E09E-4F96-96B6-3B58835365D8}.Release|Win32.Build.0 = Release|Any CPU
		{4FACD9A1-B8AC-4D76-B4B5-B71607EA8F8C}.Debug|Any CPU.ActiveCfg = Debug|Any CPU
		{4FACD9A1-B8AC-4D76-B4B5-B71607EA8F8C}.Debug|Any CPU.Build.0 = Debug|Any CPU
		{4FACD9A1-B8AC-4D76-B4B5-B71607EA8F8C}.Debug|Mixed Platforms.ActiveCfg = Debug|Any CPU
		{4FACD9A1-B8AC-4D76-B4B5-B71607EA8F8C}.Debug|Mixed Platforms.Build.0 = Debug|Any CPU
		{4FACD9A1-B8AC-4D76-B4B5-B71607EA8F8C}.Debug|Win32.ActiveCfg = Debug|Any CPU
		{4FACD9A1-B8AC-4D76-B4B5-B71607EA8F8C}.Debug|Win32.Build.0 = Debug|Any CPU
		{4FACD9A1-B8AC-4D76-B4B5-B71607EA8F8C}.Fields|Any CPU.ActiveCfg = Debug|Any CPU
		{4FACD9A1-B8AC-4D76-B4B5-B71607EA8F8C}.Fields|Any CPU.Build.0 = Debug|Any CPU
		{4FACD9A1-B8AC-4D76-B4B5-B71607EA8F8C}.Fields|Mixed Platforms.ActiveCfg = Debug|Any CPU
		{4FACD9A1-B8AC-4D76-B4B5-B71607EA8F8C}.Fields|Mixed Platforms.Build.0 = Debug|Any CPU
		{4FACD9A1-B8AC-4D76-B4B5-B71607EA8F8C}.Fields|Win32.ActiveCfg = Debug|Any CPU
		{4FACD9A1-B8AC-4D76-B4B5-B71607EA8F8C}.Fields|Win32.Build.0 = Debug|Any CPU
		{4FACD9A1-B8AC-4D76-B4B5-B71607EA8F8C}.Release|Any CPU.ActiveCfg = Release|Any CPU
		{4FACD9A1-B8AC-4D76-B4B5-B71607EA8F8C}.Release|Any CPU.Build.0 = Release|Any CPU
		{4FACD9A1-B8AC-4D76-B4B5-B71607EA8F8C}.Release|Mixed Platforms.ActiveCfg = Release|Any CPU
		{4FACD9A1-B8AC-4D76-B4B5-B71607EA8F8C}.Release|Mixed Platforms.Build.0 = Release|Any CPU
		{4FACD9A1-B8AC-4D76-B4B5-B71607EA8F8C}.Release|Win32.ActiveCfg = Release|Any CPU
		{4FACD9A1-B8AC-4D76-B4B5-B71607EA8F8C}.Release|Win32.Build.0 = Release|Any CPU
		{3805B86E-2BE3-4FFA-A11C-B4981069EC88}.Debug|Any CPU.ActiveCfg = Debug|Any CPU
		{3805B86E-2BE3-4FFA-A11C-B4981069EC88}.Debug|Any CPU.Build.0 = Debug|Any CPU
		{3805B86E-2BE3-4FFA-A11C-B4981069EC88}.Debug|Mixed Platforms.ActiveCfg = Debug|Any CPU
		{3805B86E-2BE3-4FFA-A11C-B4981069EC88}.Debug|Mixed Platforms.Build.0 = Debug|Any CPU
		{3805B86E-2BE3-4FFA-A11C-B4981069EC88}.Debug|Win32.ActiveCfg = Debug|Any CPU
		{3805B86E-2BE3-4FFA-A11C-B4981069EC88}.Debug|Win32.Build.0 = Debug|Any CPU
		{3805B86E-2BE3-4FFA-A11C-B4981069EC88}.Fields|Any CPU.ActiveCfg = Fields|Any CPU
		{3805B86E-2BE3-4FFA-A11C-B4981069EC88}.Fields|Any CPU.Build.0 = Fields|Any CPU
		{3805B86E-2BE3-4FFA-A11C-B4981069EC88}.Fields|Mixed Platforms.ActiveCfg = Fields|Any CPU
		{3805B86E-2BE3-4FFA-A11C-B4981069EC88}.Fields|Mixed Platforms.Build.0 = Fields|Any CPU
		{3805B86E-2BE3-4FFA-A11C-B4981069EC88}.Fields|Win32.ActiveCfg = Fields|Any CPU
		{3805B86E-2BE3-4FFA-A11C-B4981069EC88}.Fields|Win32.Build.0 = Fields|Any CPU
		{3805B86E-2BE3-4FFA-A11C-B4981069EC88}.Release|Any CPU.ActiveCfg = Release|Any CPU
		{3805B86E-2BE3-4FFA-A11C-B4981069EC88}.Release|Any CPU.Build.0 = Release|Any CPU
		{3805B86E-2BE3-4FFA-A11C-B4981069EC88}.Release|Mixed Platforms.ActiveCfg = Release|Any CPU
		{3805B86E-2BE3-4FFA-A11C-B4981069EC88}.Release|Mixed Platforms.Build.0 = Release|Any CPU
		{3805B86E-2BE3-4FFA-A11C-B4981069EC88}.Release|Win32.ActiveCfg = Release|Any CPU
		{3805B86E-2BE3-4FFA-A11C-B4981069EC88}.Release|Win32.Build.0 = Release|Any CPU
		{98BF6B10-F821-4402-8923-5F7B726BBFC8}.Debug|Any CPU.ActiveCfg = Debug|Any CPU
		{98BF6B10-F821-4402-8923-5F7B726BBFC8}.Debug|Any CPU.Build.0 = Debug|Any CPU
		{98BF6B10-F821-4402-8923-5F7B726BBFC8}.Debug|Mixed Platforms.ActiveCfg = Debug|Any CPU
		{98BF6B10-F821-4402-8923-5F7B726BBFC8}.Debug|Mixed Platforms.Build.0 = Debug|Any CPU
		{98BF6B10-F821-4402-8923-5F7B726BBFC8}.Debug|Win32.ActiveCfg = Debug|Any CPU
		{98BF6B10-F821-4402-8923-5F7B726BBFC8}.Debug|Win32.Build.0 = Debug|Any CPU
		{98BF6B10-F821-4402-8923-5F7B726BBFC8}.Fields|Any CPU.ActiveCfg = Debug|Any CPU
		{98BF6B10-F821-4402-8923-5F7B726BBFC8}.Fields|Any CPU.Build.0 = Debug|Any CPU
		{98BF6B10-F821-4402-8923-5F7B726BBFC8}.Fields|Mixed Platforms.ActiveCfg = Debug|Any CPU
		{98BF6B10-F821-4402-8923-5F7B726BBFC8}.Fields|Mixed Platforms.Build.0 = Debug|Any CPU
		{98BF6B10-F821-4402-8923-5F7B726BBFC8}.Fields|Win32.ActiveCfg = Debug|Any CPU
		{98BF6B10-F821-4402-8923-5F7B726BBFC8}.Fields|Win32.Build.0 = Debug|Any CPU
		{98BF6B10-F821-4402-8923-5F7B726BBFC8}.Release|Any CPU.ActiveCfg = Release|Any CPU
		{98BF6B10-F821-4402-8923-5F7B726BBFC8}.Release|Any CPU.Build.0 = Release|Any CPU
		{98BF6B10-F821-4402-8923-5F7B726BBFC8}.Release|Mixed Platforms.ActiveCfg = Release|Any CPU
		{98BF6B10-F821-4402-8923-5F7B726BBFC8}.Release|Mixed Platforms.Build.0 = Release|Any CPU
		{98BF6B10-F821-4402-8923-5F7B726BBFC8}.Release|Win32.ActiveCfg = Release|Any CPU
		{98BF6B10-F821-4402-8923-5F7B726BBFC8}.Release|Win32.Build.0 = Release|Any CPU
		{9CC2754E-501D-4DB3-8EAA-8B91025E5DF6}.Debug|Any CPU.ActiveCfg = Debug|Any CPU
		{9CC2754E-501D-4DB3-8EAA-8B91025E5DF6}.Debug|Any CPU.Build.0 = Debug|Any CPU
		{9CC2754E-501D-4DB3-8EAA-8B91025E5DF6}.Debug|Mixed Platforms.ActiveCfg = Debug|Any CPU
		{9CC2754E-501D-4DB3-8EAA-8B91025E5DF6}.Debug|Mixed Platforms.Build.0 = Debug|Any CPU
		{9CC2754E-501D-4DB3-8EAA-8B91025E5DF6}.Debug|Win32.ActiveCfg = Debug|Any CPU
		{9CC2754E-501D-4DB3-8EAA-8B91025E5DF6}.Debug|Win32.Build.0 = Debug|Any CPU
		{9CC2754E-501D-4DB3-8EAA-8B91025E5DF6}.Fields|Any CPU.ActiveCfg = Release|Any CPU
		{9CC2754E-501D-4DB3-8EAA-8B91025E5DF6}.Fields|Any CPU.Build.0 = Release|Any CPU
		{9CC2754E-501D-4DB3-8EAA-8B91025E5DF6}.Fields|Mixed Platforms.ActiveCfg = Release|Any CPU
		{9CC2754E-501D-4DB3-8EAA-8B91025E5DF6}.Fields|Mixed Platforms.Build.0 = Release|Any CPU
		{9CC2754E-501D-4DB3-8EAA-8B91025E5DF6}.Fields|Win32.ActiveCfg = Release|Any CPU
		{9CC2754E-501D-4DB3-8EAA-8B91025E5DF6}.Fields|Win32.Build.0 = Release|Any CPU
		{9CC2754E-501D-4DB3-8EAA-8B91025E5DF6}.Release|Any CPU.ActiveCfg = Release|Any CPU
		{9CC2754E-501D-4DB3-8EAA-8B91025E5DF6}.Release|Any CPU.Build.0 = Release|Any CPU
		{9CC2754E-501D-4DB3-8EAA-8B91025E5DF6}.Release|Mixed Platforms.ActiveCfg = Release|Any CPU
		{9CC2754E-501D-4DB3-8EAA-8B91025E5DF6}.Release|Mixed Platforms.Build.0 = Release|Any CPU
		{9CC2754E-501D-4DB3-8EAA-8B91025E5DF6}.Release|Win32.ActiveCfg = Release|Any CPU
		{9CC2754E-501D-4DB3-8EAA-8B91025E5DF6}.Release|Win32.Build.0 = Release|Any CPU
	EndGlobalSection
	GlobalSection(SolutionProperties) = preSolution
		HideSolutionNode = FALSE
	EndGlobalSection
	GlobalSection(NestedProjects) = preSolution
		{01302DFD-8DB9-4204-AAA5-1AA0EBC52749} = {4268A1D3-AF40-4120-B021-D95A0F754221}
		{FF056B62-225A-47BC-B177-550FADDA4B41} = {4268A1D3-AF40-4120-B021-D95A0F754221}
		{73688AC6-AFA5-4D1A-80B8-F621D8FF5749} = {4268A1D3-AF40-4120-B021-D95A0F754221}
		{2994D2BC-2C4A-479E-AD23-051721470095} = {4268A1D3-AF40-4120-B021-D95A0F754221}
		{C008F92A-A83B-426C-8760-5092FB8E60BB} = {621A2166-EEE0-4A27-88AA-5BE5AC996452}
		{B700FD1B-66B7-4A70-9067-CB214CC4ECCE} = {621A2166-EEE0-4A27-88AA-5BE5AC996452}
		{5244DD21-EA2B-4D55-A590-FDBD9E22B8B3} = {621A2166-EEE0-4A27-88AA-5BE5AC996452}
		{C5A76919-6EF4-4FCD-963E-96A4084D8BC6} = {621A2166-EEE0-4A27-88AA-5BE5AC996452}
		{E991F51D-4595-46FF-AEC3-C070C21BDD4A} = {621A2166-EEE0-4A27-88AA-5BE5AC996452}
		{0F04B016-04EC-4D8C-9628-14AD06810E4E} = {621A2166-EEE0-4A27-88AA-5BE5AC996452}
		{D891A303-7C61-4880-A90C-23BC37264D45} = {621A2166-EEE0-4A27-88AA-5BE5AC996452}
		{5EB63953-7E62-4179-A6ED-F7265F36D65C} = {621A2166-EEE0-4A27-88AA-5BE5AC996452}
		{81E294DC-F71C-463A-8827-E9C6099CECB7} = {621A2166-EEE0-4A27-88AA-5BE5AC996452}
		{E4B41E06-1341-4AAE-9F6B-8C0CEB7105C0} = {621A2166-EEE0-4A27-88AA-5BE5AC996452}
		{92AE12E7-F955-4DC3-B0F2-2428EAB2B016} = {621A2166-EEE0-4A27-88AA-5BE5AC996452}
		{BB2FACA7-9C21-4941-99C5-01FD2F488DF8} = {621A2166-EEE0-4A27-88AA-5BE5AC996452}
		{E71EFF2E-A50B-4F59-B94B-3C0666ABF75D} = {621A2166-EEE0-4A27-88AA-5BE5AC996452}
		{45E4032C-78E1-41DD-8E51-1CC5AD2AEE02} = {621A2166-EEE0-4A27-88AA-5BE5AC996452}
		{BC61F8E8-D536-49FC-A1B4-11AD57B9B3FF} = {621A2166-EEE0-4A27-88AA-5BE5AC996452}
		{ADAD1274-18F2-4E45-85B6-792CE91A2D2D} = {621A2166-EEE0-4A27-88AA-5BE5AC996452}
		{65B9537D-2E7B-424A-9EBB-8E85FEB65F6F} = {621A2166-EEE0-4A27-88AA-5BE5AC996452}
		{2962BDD2-D939-4059-BC89-EAC4E83A24AA} = {621A2166-EEE0-4A27-88AA-5BE5AC996452}
		{0CEC3863-CFB1-44D5-A9DA-9D860EF6F113} = {8CF1F5CD-548F-4323-869E-AA5903C88B6A}
		{510BF771-C6F2-4A5E-B82B-2ACDC5E8E636} = {621A2166-EEE0-4A27-88AA-5BE5AC996452}
		{8CF1F5CD-548F-4323-869E-AA5903C88B6A} = {4268A1D3-AF40-4120-B021-D95A0F754221}
		{BC01695D-D3C6-4569-A032-FDDEAA77260D} = {8CF1F5CD-548F-4323-869E-AA5903C88B6A}
		{1EF40513-916C-4D19-96A8-0DDC8D400EB7} = {621A2166-EEE0-4A27-88AA-5BE5AC996452}
		{881289CA-9C45-4F2B-B7AC-509C0EBAAA7B} = {621A2166-EEE0-4A27-88AA-5BE5AC996452}
		{ACDE265A-91E8-47F0-89F4-D22A45700A82} = {621A2166-EEE0-4A27-88AA-5BE5AC996452}
		{B3A51630-DECC-451F-ADE9-CE91BE66E00D} = {621A2166-EEE0-4A27-88AA-5BE5AC996452}
		{A3D32461-E09E-4F96-96B6-3B58835365D8} = {621A2166-EEE0-4A27-88AA-5BE5AC996452}
		{4FACD9A1-B8AC-4D76-B4B5-B71607EA8F8C} = {621A2166-EEE0-4A27-88AA-5BE5AC996452}
		{3805B86E-2BE3-4FFA-A11C-B4981069EC88} = {4268A1D3-AF40-4120-B021-D95A0F754221}
		{98BF6B10-F821-4402-8923-5F7B726BBFC8} = {8CF1F5CD-548F-4323-869E-AA5903C88B6A}
		{9CC2754E-501D-4DB3-8EAA-8B91025E5DF6} = {621A2166-EEE0-4A27-88AA-5BE5AC996452}
	EndGlobalSection
	GlobalSection(ExtensibilityGlobals) = postSolution
		SolutionGuid = {6EB58560-CA9C-4F6C-B916-CCA6C7FE2A2B}
	EndGlobalSection
EndGlobal
