# This file was autogenerated by Stack.
# You should not edit this file by hand.
# For more information, please see the documentation at:
#   https://docs.haskellstack.org/en/stable/lock_files

packages:
- completed:
    hackage: quickcheck-arbitrary-template-0.2.1.0@sha256:01f9deb34f8af3e6b879ee984b0be8803eb9c31e389490b5ddb8ca5fde32957c,2026
    pantry-tree:
      size: 625
      sha256: a79d0b9f39f1096774a34f502c209dc70c85bc43f164e2925cb6b7a3f7ad82c8
  original:
    hackage: quickcheck-arbitrary-template-0.2.1.0
snapshots:
- completed:
    size: 523884
    url: https://raw.githubusercontent.com/commercialhaskell/stackage-snapshots/master/lts/14/4.yaml
    sha256: 16f24be248b42c9e16d59db84378836b1e7c239448a041cae46d32daffa45a8b
  original: lts-14.4
