
Microsoft Visual Studio Solution File, Format Version 12.00
# Visual Studio 15
VisualStudioVersion = 15.0.27703.2000
MinimumVisualStudioVersion = 10.0.40219.1
Project("{9A19103F-16F7-4668-BE54-9A1E7A4F7556}") = "bond.csharp.test", "bond.csharp.test.csproj", "{0095FD14-722C-4D48-8930-5DCCF5A6DAA2}"
EndProject
Global
	GlobalSection(SolutionConfigurationPlatforms) = preSolution
		Debug|Any CPU = Debug|Any CPU
		Release|Any CPU = Release|Any CPU
	EndGlobalSection
	GlobalSection(ProjectConfigurationPlatforms) = postSolution
		{0095FD14-722C-4D48-8930-5DCCF5A6DAA2}.Debug|Any CPU.ActiveCfg = Debug|Any CPU
		{0095FD14-722C-4D48-8930-5DCCF5A6DAA2}.Debug|Any CPU.Build.0 = Debug|Any CPU
		{0095FD14-722C-4D48-8930-5DCCF5A6DAA2}.Release|Any CPU.ActiveCfg = Release|Any CPU
		{0095FD14-722C-4D48-8930-5DCCF5A6DAA2}.Release|Any CPU.Build.0 = Release|Any CPU
	EndGlobalSection
	GlobalSection(SolutionProperties) = preSolution
		HideSolutionNode = FALSE
	EndGlobalSection
	GlobalSection(ExtensibilityGlobals) = postSolution
		SolutionGuid = {03C33FF5-1C33-4780-9A52-EC4C31D37E23}
	EndGlobalSection
EndGlobal
